[0m[1mdata.archive_file.lambda_zip: Reading...[0m[0m
[0m[1mdata.archive_file.lambda_zip: Still reading... [10s elapsed][0m[0m
[0m[1mdata.archive_file.lambda_zip: Read complete after 12s [id=34d8379cf181251fd53778219ba52e85681387d5][0m

Terraform used the selected providers to generate the following execution
plan. Resource actions are indicated with the following symbols:
  [32m+[0m create[0m

Terraform will perform the following actions:

[1m  # aws_acm_certificate.cert[0m will be created
[0m  [32m+[0m[0m resource "aws_acm_certificate" "cert" {
      [32m+[0m[0m arn                       = (known after apply)
      [32m+[0m[0m domain_name               = "statwox.ttoxtech.in"
      [32m+[0m[0m domain_validation_options = [
          [32m+[0m[0m {
              [32m+[0m[0m domain_name           = "statwox.ttoxtech.in"
              [32m+[0m[0m resource_record_name  = (known after apply)
              [32m+[0m[0m resource_record_type  = (known after apply)
              [32m+[0m[0m resource_record_value = (known after apply)
            },
        ]
      [32m+[0m[0m id                        = (known after apply)
      [32m+[0m[0m key_algorithm             = (known after apply)
      [32m+[0m[0m not_after                 = (known after apply)
      [32m+[0m[0m not_before                = (known after apply)
      [32m+[0m[0m pending_renewal           = (known after apply)
      [32m+[0m[0m renewal_eligibility       = (known after apply)
      [32m+[0m[0m renewal_summary           = (known after apply)
      [32m+[0m[0m status                    = (known after apply)
      [32m+[0m[0m subject_alternative_names = [
          [32m+[0m[0m "statwox.ttoxtech.in",
        ]
      [32m+[0m[0m tags                      = {
          [32m+[0m[0m "Name" = "statwox-v1-cert"
        }
      [32m+[0m[0m tags_all                  = {
          [32m+[0m[0m "CostCenter"  = "FreeTier"
          [32m+[0m[0m "Environment" = "prod"
          [32m+[0m[0m "ManagedBy"   = "Terraform"
          [32m+[0m[0m "Name"        = "statwox-v1-cert"
          [32m+[0m[0m "Owner"       = "v3nd377a_7ecorp"
          [32m+[0m[0m "Project"     = "statwox-v1"
        }
      [32m+[0m[0m type                      = (known after apply)
      [32m+[0m[0m validation_emails         = (known after apply)
      [32m+[0m[0m validation_method         = "DNS"

      [32m+[0m[0m options (known after apply)
    }

[1m  # aws_acm_certificate_validation.cert[0m will be created
[0m  [32m+[0m[0m resource "aws_acm_certificate_validation" "cert" {
      [32m+[0m[0m certificate_arn         = (known after apply)
      [32m+[0m[0m id                      = (known after apply)
      [32m+[0m[0m validation_record_fqdns = (known after apply)
    }

[1m  # aws_apigatewayv2_api.http[0m will be created
[0m  [32m+[0m[0m resource "aws_apigatewayv2_api" "http" {
      [32m+[0m[0m api_endpoint                 = (known after apply)
      [32m+[0m[0m api_key_selection_expression = "$request.header.x-api-key"
      [32m+[0m[0m arn                          = (known after apply)
      [32m+[0m[0m execution_arn                = (known after apply)
      [32m+[0m[0m id                           = (known after apply)
      [32m+[0m[0m ip_address_type              = (known after apply)
      [32m+[0m[0m name                         = "statwox-v1-api"
      [32m+[0m[0m protocol_type                = "HTTP"
      [32m+[0m[0m route_selection_expression   = "$request.method $request.path"
      [32m+[0m[0m tags_all                     = {
          [32m+[0m[0m "CostCenter"  = "FreeTier"
          [32m+[0m[0m "Environment" = "prod"
          [32m+[0m[0m "ManagedBy"   = "Terraform"
          [32m+[0m[0m "Owner"       = "v3nd377a_7ecorp"
          [32m+[0m[0m "Project"     = "statwox-v1"
        }

      [32m+[0m[0m cors_configuration {
          [32m+[0m[0m allow_headers = [
              [32m+[0m[0m "Authorization",
              [32m+[0m[0m "Content-Type",
            ]
          [32m+[0m[0m allow_methods = [
              [32m+[0m[0m "DELETE",
              [32m+[0m[0m "GET",
              [32m+[0m[0m "OPTIONS",
              [32m+[0m[0m "POST",
              [32m+[0m[0m "PUT",
            ]
          [32m+[0m[0m allow_origins = [
              [32m+[0m[0m "http://localhost:3000",
              [32m+[0m[0m "https://statwox.ttoxtech.in",
            ]
        }
    }

[1m  # aws_apigatewayv2_integration.lambda[0m will be created
[0m  [32m+[0m[0m resource "aws_apigatewayv2_integration" "lambda" {
      [32m+[0m[0m api_id                                    = (known after apply)
      [32m+[0m[0m connection_type                           = "INTERNET"
      [32m+[0m[0m id                                        = (known after apply)
      [32m+[0m[0m integration_response_selection_expression = (known after apply)
      [32m+[0m[0m integration_type                          = "AWS_PROXY"
      [32m+[0m[0m integration_uri                           = (known after apply)
      [32m+[0m[0m payload_format_version                    = "2.0"
      [32m+[0m[0m timeout_milliseconds                      = (known after apply)
    }

[1m  # aws_apigatewayv2_route.default[0m will be created
[0m  [32m+[0m[0m resource "aws_apigatewayv2_route" "default" {
      [32m+[0m[0m api_id             = (known after apply)
      [32m+[0m[0m api_key_required   = false
      [32m+[0m[0m authorization_type = "NONE"
      [32m+[0m[0m id                 = (known after apply)
      [32m+[0m[0m route_key          = "$default"
      [32m+[0m[0m target             = (known after apply)
    }

[1m  # aws_apigatewayv2_route.proxy[0m will be created
[0m  [32m+[0m[0m resource "aws_apigatewayv2_route" "proxy" {
      [32m+[0m[0m api_id             = (known after apply)
      [32m+[0m[0m api_key_required   = false
      [32m+[0m[0m authorization_type = "NONE"
      [32m+[0m[0m id                 = (known after apply)
      [32m+[0m[0m route_key          = "ANY /{proxy+}"
      [32m+[0m[0m target             = (known after apply)
    }

[1m  # aws_apigatewayv2_stage.prod[0m will be created
[0m  [32m+[0m[0m resource "aws_apigatewayv2_stage" "prod" {
      [32m+[0m[0m api_id        = (known after apply)
      [32m+[0m[0m arn           = (known after apply)
      [32m+[0m[0m auto_deploy   = true
      [32m+[0m[0m deployment_id = (known after apply)
      [32m+[0m[0m execution_arn = (known after apply)
      [32m+[0m[0m id            = (known after apply)
      [32m+[0m[0m invoke_url    = (known after apply)
      [32m+[0m[0m name          = "$default"
      [32m+[0m[0m tags_all      = {
          [32m+[0m[0m "CostCenter"  = "FreeTier"
          [32m+[0m[0m "Environment" = "prod"
          [32m+[0m[0m "ManagedBy"   = "Terraform"
          [32m+[0m[0m "Owner"       = "v3nd377a_7ecorp"
          [32m+[0m[0m "Project"     = "statwox-v1"
        }
    }

[1m  # aws_cloudfront_distribution.frontend_cdn[0m will be created
[0m  [32m+[0m[0m resource "aws_cloudfront_distribution" "frontend_cdn" {
      [32m+[0m[0m aliases                         = [
          [32m+[0m[0m "statwox.ttoxtech.in",
        ]
      [32m+[0m[0m arn                             = (known after apply)
      [32m+[0m[0m caller_reference                = (known after apply)
      [32m+[0m[0m continuous_deployment_policy_id = (known after apply)
      [32m+[0m[0m default_root_object             = "index.html"
      [32m+[0m[0m domain_name                     = (known after apply)
      [32m+[0m[0m enabled                         = true
      [32m+[0m[0m etag                            = (known after apply)
      [32m+[0m[0m hosted_zone_id                  = (known after apply)
      [32m+[0m[0m http_version                    = "http2"
      [32m+[0m[0m id                              = (known after apply)
      [32m+[0m[0m in_progress_validation_batches  = (known after apply)
      [32m+[0m[0m is_ipv6_enabled                 = true
      [32m+[0m[0m last_modified_time              = (known after apply)
      [32m+[0m[0m price_class                     = "PriceClass_All"
      [32m+[0m[0m retain_on_delete                = false
      [32m+[0m[0m staging                         = false
      [32m+[0m[0m status                          = (known after apply)
      [32m+[0m[0m tags                            = {
          [32m+[0m[0m "Project" = "statwox-v1"
        }
      [32m+[0m[0m tags_all                        = {
          [32m+[0m[0m "CostCenter"  = "FreeTier"
          [32m+[0m[0m "Environment" = "prod"
          [32m+[0m[0m "ManagedBy"   = "Terraform"
          [32m+[0m[0m "Owner"       = "v3nd377a_7ecorp"
          [32m+[0m[0m "Project"     = "statwox-v1"
        }
      [32m+[0m[0m trusted_key_groups              = (known after apply)
      [32m+[0m[0m trusted_signers                 = (known after apply)
      [32m+[0m[0m wait_for_deployment             = true

      [32m+[0m[0m default_cache_behavior {
          [32m+[0m[0m allowed_methods        = [
              [32m+[0m[0m "DELETE",
              [32m+[0m[0m "GET",
              [32m+[0m[0m "HEAD",
              [32m+[0m[0m "OPTIONS",
              [32m+[0m[0m "PATCH",
              [32m+[0m[0m "POST",
              [32m+[0m[0m "PUT",
            ]
          [32m+[0m[0m cached_methods         = [
              [32m+[0m[0m "GET",
              [32m+[0m[0m "HEAD",
            ]
          [32m+[0m[0m compress               = true
          [32m+[0m[0m default_ttl            = 0
          [32m+[0m[0m max_ttl                = 0
          [32m+[0m[0m min_ttl                = 0
          [32m+[0m[0m target_origin_id       = (known after apply)
          [32m+[0m[0m trusted_key_groups     = (known after apply)
          [32m+[0m[0m trusted_signers        = (known after apply)
          [32m+[0m[0m viewer_protocol_policy = "redirect-to-https"

          [32m+[0m[0m forwarded_values {
              [32m+[0m[0m headers                 = [
                  [32m+[0m[0m "Authorization",
                  [32m+[0m[0m "Host",
                ]
              [32m+[0m[0m query_string            = true
              [32m+[0m[0m query_string_cache_keys = (known after apply)

              [32m+[0m[0m cookies {
                  [32m+[0m[0m forward           = "all"
                  [32m+[0m[0m whitelisted_names = (known after apply)
                }
            }

          [32m+[0m[0m grpc_config (known after apply)
        }

      [32m+[0m[0m ordered_cache_behavior {
          [32m+[0m[0m allowed_methods        = [
              [32m+[0m[0m "GET",
              [32m+[0m[0m "HEAD",
              [32m+[0m[0m "OPTIONS",
            ]
          [32m+[0m[0m cached_methods         = [
              [32m+[0m[0m "GET",
              [32m+[0m[0m "HEAD",
              [32m+[0m[0m "OPTIONS",
            ]
          [32m+[0m[0m compress               = true
          [32m+[0m[0m default_ttl            = 86400
          [32m+[0m[0m max_ttl                = 31536000
          [32m+[0m[0m min_ttl                = 0
          [32m+[0m[0m path_pattern           = "_next/static/*"
          [32m+[0m[0m target_origin_id       = (known after apply)
          [32m+[0m[0m viewer_protocol_policy = "redirect-to-https"

          [32m+[0m[0m forwarded_values {
              [32m+[0m[0m headers                 = (known after apply)
              [32m+[0m[0m query_string            = false
              [32m+[0m[0m query_string_cache_keys = (known after apply)

              [32m+[0m[0m cookies {
                  [32m+[0m[0m forward = "none"
                }
            }

          [32m+[0m[0m grpc_config (known after apply)
        }

      [32m+[0m[0m origin {
          [32m+[0m[0m connection_attempts      = 3
          [32m+[0m[0m connection_timeout       = 10
          [32m+[0m[0m domain_name              = (known after apply)
          [32m+[0m[0m origin_id                = (known after apply)
            [90m# (2 unchanged attributes hidden)[0m[0m

          [32m+[0m[0m custom_origin_config {
              [32m+[0m[0m http_port                = 80
              [32m+[0m[0m https_port               = 443
              [32m+[0m[0m origin_keepalive_timeout = 5
              [32m+[0m[0m origin_protocol_policy   = "https-only"
              [32m+[0m[0m origin_read_timeout      = 30
              [32m+[0m[0m origin_ssl_protocols     = [
                  [32m+[0m[0m "TLSv1.2",
                ]
            }
        }
      [32m+[0m[0m origin {
          [32m+[0m[0m connection_attempts      = 3
          [32m+[0m[0m connection_timeout       = 10
          [32m+[0m[0m domain_name              = (known after apply)
          [32m+[0m[0m origin_access_control_id = (known after apply)
          [32m+[0m[0m origin_id                = (known after apply)
            [90m# (1 unchanged attribute hidden)[0m[0m
        }

      [32m+[0m[0m restrictions {
          [32m+[0m[0m geo_restriction {
              [32m+[0m[0m locations        = [
                  [32m+[0m[0m "AU",
                  [32m+[0m[0m "CA",
                  [32m+[0m[0m "GB",
                  [32m+[0m[0m "IN",
                  [32m+[0m[0m "US",
                ]
              [32m+[0m[0m restriction_type = "whitelist"
            }
        }

      [32m+[0m[0m viewer_certificate {
          [32m+[0m[0m acm_certificate_arn      = (known after apply)
          [32m+[0m[0m minimum_protocol_version = "TLSv1.2_2021"
          [32m+[0m[0m ssl_support_method       = "sni-only"
        }
    }

[1m  # aws_cloudfront_origin_access_control.frontend_oac[0m will be created
[0m  [32m+[0m[0m resource "aws_cloudfront_origin_access_control" "frontend_oac" {
      [32m+[0m[0m arn                               = (known after apply)
      [32m+[0m[0m description                       = "OAC for secure S3 access"
      [32m+[0m[0m etag                              = (known after apply)
      [32m+[0m[0m id                                = (known after apply)
      [32m+[0m[0m name                              = "statwox-v1-oac"
      [32m+[0m[0m origin_access_control_origin_type = "s3"
      [32m+[0m[0m signing_behavior                  = "always"
      [32m+[0m[0m signing_protocol                  = "sigv4"
    }

[1m  # aws_cloudwatch_metric_alarm.billing_threshold_small[0m will be created
[0m  [32m+[0m[0m resource "aws_cloudwatch_metric_alarm" "billing_threshold_small" {
      [32m+[0m[0m actions_enabled                       = true
      [32m+[0m[0m alarm_description                     = "Notify if estimated charges exceed $5 (plan-only resource)."
      [32m+[0m[0m alarm_name                            = "statwox-v1-billing-threshold-small"
      [32m+[0m[0m arn                                   = (known after apply)
      [32m+[0m[0m comparison_operator                   = "GreaterThanThreshold"
      [32m+[0m[0m dimensions                            = {
          [32m+[0m[0m "Currency" = "USD"
        }
      [32m+[0m[0m evaluate_low_sample_count_percentiles = (known after apply)
      [32m+[0m[0m evaluation_periods                    = 1
      [32m+[0m[0m id                                    = (known after apply)
      [32m+[0m[0m metric_name                           = "EstimatedCharges"
      [32m+[0m[0m namespace                             = "AWS/Billing"
      [32m+[0m[0m period                                = 21600
      [32m+[0m[0m statistic                             = "Maximum"
      [32m+[0m[0m tags_all                              = {
          [32m+[0m[0m "CostCenter"  = "FreeTier"
          [32m+[0m[0m "Environment" = "prod"
          [32m+[0m[0m "ManagedBy"   = "Terraform"
          [32m+[0m[0m "Owner"       = "v3nd377a_7ecorp"
          [32m+[0m[0m "Project"     = "statwox-v1"
        }
      [32m+[0m[0m threshold                             = 5
      [32m+[0m[0m treat_missing_data                    = "missing"
    }

[1m  # aws_cloudwatch_metric_alarm.lambda_errors[0m will be created
[0m  [32m+[0m[0m resource "aws_cloudwatch_metric_alarm" "lambda_errors" {
      [32m+[0m[0m actions_enabled                       = true
      [32m+[0m[0m alarm_description                     = "Alert if Lambda submit produces >=1 error in 5m"
      [32m+[0m[0m alarm_name                            = "statwox-v1-lambda-errors"
      [32m+[0m[0m arn                                   = (known after apply)
      [32m+[0m[0m comparison_operator                   = "GreaterThanOrEqualToThreshold"
      [32m+[0m[0m dimensions                            = {
          [32m+[0m[0m "FunctionName" = "statwox-v1-submit"
        }
      [32m+[0m[0m evaluate_low_sample_count_percentiles = (known after apply)
      [32m+[0m[0m evaluation_periods                    = 1
      [32m+[0m[0m id                                    = (known after apply)
      [32m+[0m[0m metric_name                           = "Errors"
      [32m+[0m[0m namespace                             = "AWS/Lambda"
      [32m+[0m[0m period                                = 300
      [32m+[0m[0m statistic                             = "Sum"
      [32m+[0m[0m tags_all                              = {
          [32m+[0m[0m "CostCenter"  = "FreeTier"
          [32m+[0m[0m "Environment" = "prod"
          [32m+[0m[0m "ManagedBy"   = "Terraform"
          [32m+[0m[0m "Owner"       = "v3nd377a_7ecorp"
          [32m+[0m[0m "Project"     = "statwox-v1"
        }
      [32m+[0m[0m threshold                             = 1
      [32m+[0m[0m treat_missing_data                    = "missing"
    }

[1m  # aws_db_instance.default[0m will be created
[0m  [32m+[0m[0m resource "aws_db_instance" "default" {
      [32m+[0m[0m address                               = (known after apply)
      [32m+[0m[0m allocated_storage                     = 20
      [32m+[0m[0m apply_immediately                     = false
      [32m+[0m[0m arn                                   = (known after apply)
      [32m+[0m[0m auto_minor_version_upgrade            = true
      [32m+[0m[0m availability_zone                     = (known after apply)
      [32m+[0m[0m backup_retention_period               = (known after apply)
      [32m+[0m[0m backup_target                         = (known after apply)
      [32m+[0m[0m backup_window                         = (known after apply)
      [32m+[0m[0m ca_cert_identifier                    = (known after apply)
      [32m+[0m[0m character_set_name                    = (known after apply)
      [32m+[0m[0m copy_tags_to_snapshot                 = false
      [32m+[0m[0m database_insights_mode                = (known after apply)
      [32m+[0m[0m db_name                               = "statwox"
      [32m+[0m[0m db_subnet_group_name                  = "statwox-v1-db-subnet-group"
      [32m+[0m[0m dedicated_log_volume                  = false
      [32m+[0m[0m delete_automated_backups              = true
      [32m+[0m[0m domain_fqdn                           = (known after apply)
      [32m+[0m[0m endpoint                              = (known after apply)
      [32m+[0m[0m engine                                = "postgres"
      [32m+[0m[0m engine_lifecycle_support              = (known after apply)
      [32m+[0m[0m engine_version                        = "16.1"
      [32m+[0m[0m engine_version_actual                 = (known after apply)
      [32m+[0m[0m hosted_zone_id                        = (known after apply)
      [32m+[0m[0m id                                    = (known after apply)
      [32m+[0m[0m identifier                            = "statwox-v1-db"
      [32m+[0m[0m identifier_prefix                     = (known after apply)
      [32m+[0m[0m instance_class                        = "db.t3.micro"
      [32m+[0m[0m iops                                  = (known after apply)
      [32m+[0m[0m kms_key_id                            = (known after apply)
      [32m+[0m[0m latest_restorable_time                = (known after apply)
      [32m+[0m[0m license_model                         = (known after apply)
      [32m+[0m[0m listener_endpoint                     = (known after apply)
      [32m+[0m[0m maintenance_window                    = (known after apply)
      [32m+[0m[0m master_user_secret                    = (known after apply)
      [32m+[0m[0m master_user_secret_kms_key_id         = (known after apply)
      [32m+[0m[0m monitoring_interval                   = 0
      [32m+[0m[0m monitoring_role_arn                   = (known after apply)
      [32m+[0m[0m multi_az                              = (known after apply)
      [32m+[0m[0m nchar_character_set_name              = (known after apply)
      [32m+[0m[0m network_type                          = (known after apply)
      [32m+[0m[0m option_group_name                     = (known after apply)
      [32m+[0m[0m parameter_group_name                  = "default.postgres16"
      [32m+[0m[0m password                              = (sensitive value)
      [32m+[0m[0m performance_insights_enabled          = false
      [32m+[0m[0m performance_insights_kms_key_id       = (known after apply)
      [32m+[0m[0m performance_insights_retention_period = (known after apply)
      [32m+[0m[0m port                                  = (known after apply)
      [32m+[0m[0m publicly_accessible                   = true
      [32m+[0m[0m replica_mode                          = (known after apply)
      [32m+[0m[0m replicas                              = (known after apply)
      [32m+[0m[0m resource_id                           = (known after apply)
      [32m+[0m[0m skip_final_snapshot                   = true
      [32m+[0m[0m snapshot_identifier                   = (known after apply)
      [32m+[0m[0m status                                = (known after apply)
      [32m+[0m[0m storage_throughput                    = (known after apply)
      [32m+[0m[0m storage_type                          = "gp2"
      [32m+[0m[0m tags                                  = {
          [32m+[0m[0m "Name" = "statwox-v1-db"
        }
      [32m+[0m[0m tags_all                              = {
          [32m+[0m[0m "CostCenter"  = "FreeTier"
          [32m+[0m[0m "Environment" = "prod"
          [32m+[0m[0m "ManagedBy"   = "Terraform"
          [32m+[0m[0m "Name"        = "statwox-v1-db"
          [32m+[0m[0m "Owner"       = "v3nd377a_7ecorp"
          [32m+[0m[0m "Project"     = "statwox-v1"
        }
      [32m+[0m[0m timezone                              = (known after apply)
      [32m+[0m[0m username                              = (sensitive value)
      [32m+[0m[0m vpc_security_group_ids                = (known after apply)
    }

[1m  # aws_db_subnet_group.default[0m will be created
[0m  [32m+[0m[0m resource "aws_db_subnet_group" "default" {
      [32m+[0m[0m arn                     = (known after apply)
      [32m+[0m[0m description             = "Managed by Terraform"
      [32m+[0m[0m id                      = (known after apply)
      [32m+[0m[0m name                    = "statwox-v1-db-subnet-group"
      [32m+[0m[0m name_prefix             = (known after apply)
      [32m+[0m[0m subnet_ids              = (known after apply)
      [32m+[0m[0m supported_network_types = (known after apply)
      [32m+[0m[0m tags                    = {
          [32m+[0m[0m "Name" = "statwox-v1-db-subnet-group"
        }
      [32m+[0m[0m tags_all                = {
          [32m+[0m[0m "CostCenter"  = "FreeTier"
          [32m+[0m[0m "Environment" = "prod"
          [32m+[0m[0m "ManagedBy"   = "Terraform"
          [32m+[0m[0m "Name"        = "statwox-v1-db-subnet-group"
          [32m+[0m[0m "Owner"       = "v3nd377a_7ecorp"
          [32m+[0m[0m "Project"     = "statwox-v1"
        }
      [32m+[0m[0m vpc_id                  = (known after apply)
    }

[1m  # aws_iam_role.lambda_exec[0m will be created
[0m  [32m+[0m[0m resource "aws_iam_role" "lambda_exec" {
      [32m+[0m[0m arn                   = (known after apply)
      [32m+[0m[0m assume_role_policy    = jsonencode(
            {
              [32m+[0m[0m Statement = [
                  [32m+[0m[0m {
                      [32m+[0m[0m Action    = "sts:AssumeRole"
                      [32m+[0m[0m Effect    = "Allow"
                      [32m+[0m[0m Principal = {
                          [32m+[0m[0m Service = "lambda.amazonaws.com"
                        }
                    },
                ]
              [32m+[0m[0m Version   = "2012-10-17"
            }
        )
      [32m+[0m[0m create_date           = (known after apply)
      [32m+[0m[0m force_detach_policies = false
      [32m+[0m[0m id                    = (known after apply)
      [32m+[0m[0m managed_policy_arns   = (known after apply)
      [32m+[0m[0m max_session_duration  = 3600
      [32m+[0m[0m name                  = "statwox-v1-lambda-role"
      [32m+[0m[0m name_prefix           = (known after apply)
      [32m+[0m[0m path                  = "/"
      [32m+[0m[0m tags_all              = {
          [32m+[0m[0m "CostCenter"  = "FreeTier"
          [32m+[0m[0m "Environment" = "prod"
          [32m+[0m[0m "ManagedBy"   = "Terraform"
          [32m+[0m[0m "Owner"       = "v3nd377a_7ecorp"
          [32m+[0m[0m "Project"     = "statwox-v1"
        }
      [32m+[0m[0m unique_id             = (known after apply)

      [32m+[0m[0m inline_policy (known after apply)
    }

[1m  # aws_iam_role_policy_attachment.lambda_logs[0m will be created
[0m  [32m+[0m[0m resource "aws_iam_role_policy_attachment" "lambda_logs" {
      [32m+[0m[0m id         = (known after apply)
      [32m+[0m[0m policy_arn = "arn:aws:iam::aws:policy/service-role/AWSLambdaBasicExecutionRole"
      [32m+[0m[0m role       = "statwox-v1-lambda-role"
    }

[1m  # aws_internet_gateway.main[0m will be created
[0m  [32m+[0m[0m resource "aws_internet_gateway" "main" {
      [32m+[0m[0m arn      = (known after apply)
      [32m+[0m[0m id       = (known after apply)
      [32m+[0m[0m owner_id = (known after apply)
      [32m+[0m[0m tags     = {
          [32m+[0m[0m "Name" = "statwox-v1-igw"
        }
      [32m+[0m[0m tags_all = {
          [32m+[0m[0m "CostCenter"  = "FreeTier"
          [32m+[0m[0m "Environment" = "prod"
          [32m+[0m[0m "ManagedBy"   = "Terraform"
          [32m+[0m[0m "Name"        = "statwox-v1-igw"
          [32m+[0m[0m "Owner"       = "v3nd377a_7ecorp"
          [32m+[0m[0m "Project"     = "statwox-v1"
        }
      [32m+[0m[0m vpc_id   = (known after apply)
    }

[1m  # aws_lambda_function.submit[0m will be created
[0m  [32m+[0m[0m resource "aws_lambda_function" "submit" {
      [32m+[0m[0m architectures                  = [
          [32m+[0m[0m "arm64",
        ]
      [32m+[0m[0m arn                            = (known after apply)
      [32m+[0m[0m code_sha256                    = (known after apply)
      [32m+[0m[0m filename                       = "./lambda.zip"
      [32m+[0m[0m function_name                  = "statwox-v1-submit"
      [32m+[0m[0m handler                        = "run.sh"
      [32m+[0m[0m id                             = (known after apply)
      [32m+[0m[0m invoke_arn                     = (known after apply)
      [32m+[0m[0m last_modified                  = (known after apply)
      [32m+[0m[0m layers                         = [
          [32m+[0m[0m "arn:aws:lambda:us-east-1:753240598075:layer:LambdaAdapterLayerArm64:24",
        ]
      [32m+[0m[0m memory_size                    = 1024
      [32m+[0m[0m package_type                   = "Zip"
      [32m+[0m[0m publish                        = false
      [32m+[0m[0m qualified_arn                  = (known after apply)
      [32m+[0m[0m qualified_invoke_arn           = (known after apply)
      [32m+[0m[0m reserved_concurrent_executions = -1
      [32m+[0m[0m role                           = (known after apply)
      [32m+[0m[0m runtime                        = "nodejs20.x"
      [32m+[0m[0m signing_job_arn                = (known after apply)
      [32m+[0m[0m signing_profile_version_arn    = (known after apply)
      [32m+[0m[0m skip_destroy                   = false
      [32m+[0m[0m source_code_hash               = "uT3+xa1rDYnX2HaNyrS45JadQv7P/5iwErcV4g2dEdE="
      [32m+[0m[0m source_code_size               = (known after apply)
      [32m+[0m[0m tags_all                       = {
          [32m+[0m[0m "CostCenter"  = "FreeTier"
          [32m+[0m[0m "Environment" = "prod"
          [32m+[0m[0m "ManagedBy"   = "Terraform"
          [32m+[0m[0m "Owner"       = "v3nd377a_7ecorp"
          [32m+[0m[0m "Project"     = "statwox-v1"
        }
      [32m+[0m[0m timeout                        = 30
      [32m+[0m[0m version                        = (known after apply)

      [32m+[0m[0m environment {
          [32m+[0m[0m variables = (known after apply)
        }

      [32m+[0m[0m ephemeral_storage (known after apply)

      [32m+[0m[0m logging_config (known after apply)

      [32m+[0m[0m tracing_config (known after apply)
    }

[1m  # aws_lambda_permission.apigw_invoke[0m will be created
[0m  [32m+[0m[0m resource "aws_lambda_permission" "apigw_invoke" {
      [32m+[0m[0m action              = "lambda:InvokeFunction"
      [32m+[0m[0m function_name       = "statwox-v1-submit"
      [32m+[0m[0m id                  = (known after apply)
      [32m+[0m[0m principal           = "apigateway.amazonaws.com"
      [32m+[0m[0m source_arn          = (known after apply)
      [32m+[0m[0m statement_id        = "AllowInvoke"
      [32m+[0m[0m statement_id_prefix = (known after apply)
    }

[1m  # aws_route53_record.cert_validation["statwox.ttoxtech.in"][0m will be created
[0m  [32m+[0m[0m resource "aws_route53_record" "cert_validation" {
      [32m+[0m[0m allow_overwrite = true
      [32m+[0m[0m fqdn            = (known after apply)
      [32m+[0m[0m id              = (known after apply)
      [32m+[0m[0m name            = (known after apply)
      [32m+[0m[0m records         = (known after apply)
      [32m+[0m[0m ttl             = 60
      [32m+[0m[0m type            = (known after apply)
      [32m+[0m[0m zone_id         = (known after apply)
    }

[1m  # aws_route53_record.www[0m will be created
[0m  [32m+[0m[0m resource "aws_route53_record" "www" {
      [32m+[0m[0m allow_overwrite = (known after apply)
      [32m+[0m[0m fqdn            = (known after apply)
      [32m+[0m[0m id              = (known after apply)
      [32m+[0m[0m name            = "statwox.ttoxtech.in"
      [32m+[0m[0m type            = "A"
      [32m+[0m[0m zone_id         = (known after apply)

      [32m+[0m[0m alias {
          [32m+[0m[0m evaluate_target_health = false
          [32m+[0m[0m name                   = (known after apply)
          [32m+[0m[0m zone_id                = (known after apply)
        }
    }

[1m  # aws_route53_zone.main[0m will be created
[0m  [32m+[0m[0m resource "aws_route53_zone" "main" {
      [32m+[0m[0m arn                 = (known after apply)
      [32m+[0m[0m comment             = "Managed by Terraform"
      [32m+[0m[0m force_destroy       = false
      [32m+[0m[0m id                  = (known after apply)
      [32m+[0m[0m name                = "ttoxtech.in"
      [32m+[0m[0m name_servers        = (known after apply)
      [32m+[0m[0m primary_name_server = (known after apply)
      [32m+[0m[0m tags_all            = {
          [32m+[0m[0m "CostCenter"  = "FreeTier"
          [32m+[0m[0m "Environment" = "prod"
          [32m+[0m[0m "ManagedBy"   = "Terraform"
          [32m+[0m[0m "Owner"       = "v3nd377a_7ecorp"
          [32m+[0m[0m "Project"     = "statwox-v1"
        }
      [32m+[0m[0m zone_id             = (known after apply)
    }

[1m  # aws_route_table.public[0m will be created
[0m  [32m+[0m[0m resource "aws_route_table" "public" {
      [32m+[0m[0m arn              = (known after apply)
      [32m+[0m[0m id               = (known after apply)
      [32m+[0m[0m owner_id         = (known after apply)
      [32m+[0m[0m propagating_vgws = (known after apply)
      [32m+[0m[0m route            = [
          [32m+[0m[0m {
              [32m+[0m[0m cidr_block                 = "0.0.0.0/0"
              [32m+[0m[0m gateway_id                 = (known after apply)
                [90m# (11 unchanged attributes hidden)[0m[0m
            },
        ]
      [32m+[0m[0m tags             = {
          [32m+[0m[0m "Name" = "statwox-v1-rt-public"
        }
      [32m+[0m[0m tags_all         = {
          [32m+[0m[0m "CostCenter"  = "FreeTier"
          [32m+[0m[0m "Environment" = "prod"
          [32m+[0m[0m "ManagedBy"   = "Terraform"
          [32m+[0m[0m "Name"        = "statwox-v1-rt-public"
          [32m+[0m[0m "Owner"       = "v3nd377a_7ecorp"
          [32m+[0m[0m "Project"     = "statwox-v1"
        }
      [32m+[0m[0m vpc_id           = (known after apply)
    }

[1m  # aws_route_table_association.public_1[0m will be created
[0m  [32m+[0m[0m resource "aws_route_table_association" "public_1" {
      [32m+[0m[0m id             = (known after apply)
      [32m+[0m[0m route_table_id = (known after apply)
      [32m+[0m[0m subnet_id      = (known after apply)
    }

[1m  # aws_route_table_association.public_2[0m will be created
[0m  [32m+[0m[0m resource "aws_route_table_association" "public_2" {
      [32m+[0m[0m id             = (known after apply)
      [32m+[0m[0m route_table_id = (known after apply)
      [32m+[0m[0m subnet_id      = (known after apply)
    }

[1m  # aws_s3_bucket.frontend[0m will be created
[0m  [32m+[0m[0m resource "aws_s3_bucket" "frontend" {
      [32m+[0m[0m acceleration_status         = (known after apply)
      [32m+[0m[0m acl                         = (known after apply)
      [32m+[0m[0m arn                         = (known after apply)
      [32m+[0m[0m bucket                      = (known after apply)
      [32m+[0m[0m bucket_domain_name          = (known after apply)
      [32m+[0m[0m bucket_prefix               = (known after apply)
      [32m+[0m[0m bucket_regional_domain_name = (known after apply)
      [32m+[0m[0m force_destroy               = false
      [32m+[0m[0m hosted_zone_id              = (known after apply)
      [32m+[0m[0m id                          = (known after apply)
      [32m+[0m[0m object_lock_enabled         = (known after apply)
      [32m+[0m[0m policy                      = (known after apply)
      [32m+[0m[0m region                      = (known after apply)
      [32m+[0m[0m request_payer               = (known after apply)
      [32m+[0m[0m tags_all                    = {
          [32m+[0m[0m "CostCenter"  = "FreeTier"
          [32m+[0m[0m "Environment" = "prod"
          [32m+[0m[0m "ManagedBy"   = "Terraform"
          [32m+[0m[0m "Owner"       = "v3nd377a_7ecorp"
          [32m+[0m[0m "Project"     = "statwox-v1"
        }
      [32m+[0m[0m website_domain              = (known after apply)
      [32m+[0m[0m website_endpoint            = (known after apply)

      [32m+[0m[0m cors_rule (known after apply)

      [32m+[0m[0m grant (known after apply)

      [32m+[0m[0m lifecycle_rule (known after apply)

      [32m+[0m[0m logging (known after apply)

      [32m+[0m[0m object_lock_configuration (known after apply)

      [32m+[0m[0m replication_configuration (known after apply)

      [32m+[0m[0m server_side_encryption_configuration (known after apply)

      [32m+[0m[0m versioning (known after apply)

      [32m+[0m[0m website (known after apply)
    }

[1m  # aws_s3_bucket_ownership_controls.frontend[0m will be created
[0m  [32m+[0m[0m resource "aws_s3_bucket_ownership_controls" "frontend" {
      [32m+[0m[0m bucket = (known after apply)
      [32m+[0m[0m id     = (known after apply)

      [32m+[0m[0m rule {
          [32m+[0m[0m object_ownership = "BucketOwnerEnforced"
        }
    }

[1m  # aws_s3_bucket_policy.frontend[0m will be created
[0m  [32m+[0m[0m resource "aws_s3_bucket_policy" "frontend" {
      [32m+[0m[0m bucket = (known after apply)
      [32m+[0m[0m id     = (known after apply)
      [32m+[0m[0m policy = (known after apply)
    }

[1m  # aws_s3_bucket_public_access_block.frontend[0m will be created
[0m  [32m+[0m[0m resource "aws_s3_bucket_public_access_block" "frontend" {
      [32m+[0m[0m block_public_acls       = true
      [32m+[0m[0m block_public_policy     = false
      [32m+[0m[0m bucket                  = (known after apply)
      [32m+[0m[0m id                      = (known after apply)
      [32m+[0m[0m ignore_public_acls      = true
      [32m+[0m[0m restrict_public_buckets = true
    }

[1m  # aws_s3_object.frontend_dist["_next/static/chunks/034acec7058afd28.js"][0m will be created
[0m  [32m+[0m[0m resource "aws_s3_object" "frontend_dist" {
      [32m+[0m[0m acl                    = (known after apply)
      [32m+[0m[0m arn                    = (known after apply)
      [32m+[0m[0m bucket                 = (known after apply)
      [32m+[0m[0m bucket_key_enabled     = (known after apply)
      [32m+[0m[0m checksum_crc32         = (known after apply)
      [32m+[0m[0m checksum_crc32c        = (known after apply)
      [32m+[0m[0m checksum_crc64nvme     = (known after apply)
      [32m+[0m[0m checksum_sha1          = (known after apply)
      [32m+[0m[0m checksum_sha256        = (known after apply)
      [32m+[0m[0m content_type           = "application/javascript"
      [32m+[0m[0m etag                   = (known after apply)
      [32m+[0m[0m force_destroy          = false
      [32m+[0m[0m id                     = (known after apply)
      [32m+[0m[0m key                    = "_next/static/chunks/034acec7058afd28.js"
      [32m+[0m[0m kms_key_id             = (known after apply)
      [32m+[0m[0m server_side_encryption = "AES256"
      [32m+[0m[0m source                 = "./../dist/assets/_next/static/chunks/034acec7058afd28.js"
      [32m+[0m[0m storage_class          = "STANDARD"
      [32m+[0m[0m tags                   = {
          [32m+[0m[0m "CostCenter"  = "FreeTier"
          [32m+[0m[0m "Environment" = "prod"
          [32m+[0m[0m "ManagedBy"   = "Terraform"
          [32m+[0m[0m "Owner"       = "v3nd377a_7ecorp"
          [32m+[0m[0m "Project"     = "statwox"
        }
      [32m+[0m[0m tags_all               = {
          [32m+[0m[0m "CostCenter"  = "FreeTier"
          [32m+[0m[0m "Environment" = "prod"
          [32m+[0m[0m "ManagedBy"   = "Terraform"
          [32m+[0m[0m "Owner"       = "v3nd377a_7ecorp"
          [32m+[0m[0m "Project"     = "statwox"
        }
      [32m+[0m[0m version_id             = (known after apply)
    }

[1m  # aws_s3_object.frontend_dist["_next/static/chunks/03e79d61351a1f74.js"][0m will be created
[0m  [32m+[0m[0m resource "aws_s3_object" "frontend_dist" {
      [32m+[0m[0m acl                    = (known after apply)
      [32m+[0m[0m arn                    = (known after apply)
      [32m+[0m[0m bucket                 = (known after apply)
      [32m+[0m[0m bucket_key_enabled     = (known after apply)
      [32m+[0m[0m checksum_crc32         = (known after apply)
      [32m+[0m[0m checksum_crc32c        = (known after apply)
      [32m+[0m[0m checksum_crc64nvme     = (known after apply)
      [32m+[0m[0m checksum_sha1          = (known after apply)
      [32m+[0m[0m checksum_sha256        = (known after apply)
      [32m+[0m[0m content_type           = "application/javascript"
      [32m+[0m[0m etag                   = (known after apply)
      [32m+[0m[0m force_destroy          = false
      [32m+[0m[0m id                     = (known after apply)
      [32m+[0m[0m key                    = "_next/static/chunks/03e79d61351a1f74.js"
      [32m+[0m[0m kms_key_id             = (known after apply)
      [32m+[0m[0m server_side_encryption = "AES256"
      [32m+[0m[0m source                 = "./../dist/assets/_next/static/chunks/03e79d61351a1f74.js"
      [32m+[0m[0m storage_class          = "STANDARD"
      [32m+[0m[0m tags                   = {
          [32m+[0m[0m "CostCenter"  = "FreeTier"
          [32m+[0m[0m "Environment" = "prod"
          [32m+[0m[0m "ManagedBy"   = "Terraform"
          [32m+[0m[0m "Owner"       = "v3nd377a_7ecorp"
          [32m+[0m[0m "Project"     = "statwox"
        }
      [32m+[0m[0m tags_all               = {
          [32m+[0m[0m "CostCenter"  = "FreeTier"
          [32m+[0m[0m "Environment" = "prod"
          [32m+[0m[0m "ManagedBy"   = "Terraform"
          [32m+[0m[0m "Owner"       = "v3nd377a_7ecorp"
          [32m+[0m[0m "Project"     = "statwox"
        }
      [32m+[0m[0m version_id             = (known after apply)
    }

[1m  # aws_s3_object.frontend_dist["_next/static/chunks/1627bf2f54f2038d.js"][0m will be created
[0m  [32m+[0m[0m resource "aws_s3_object" "frontend_dist" {
      [32m+[0m[0m acl                    = (known after apply)
      [32m+[0m[0m arn                    = (known after apply)
      [32m+[0m[0m bucket                 = (known after apply)
      [32m+[0m[0m bucket_key_enabled     = (known after apply)
      [32m+[0m[0m checksum_crc32         = (known after apply)
      [32m+[0m[0m checksum_crc32c        = (known after apply)
      [32m+[0m[0m checksum_crc64nvme     = (known after apply)
      [32m+[0m[0m checksum_sha1          = (known after apply)
      [32m+[0m[0m checksum_sha256        = (known after apply)
      [32m+[0m[0m content_type           = "application/javascript"
      [32m+[0m[0m etag                   = (known after apply)
      [32m+[0m[0m force_destroy          = false
      [32m+[0m[0m id                     = (known after apply)
      [32m+[0m[0m key                    = "_next/static/chunks/1627bf2f54f2038d.js"
      [32m+[0m[0m kms_key_id             = (known after apply)
      [32m+[0m[0m server_side_encryption = "AES256"
      [32m+[0m[0m source                 = "./../dist/assets/_next/static/chunks/1627bf2f54f2038d.js"
      [32m+[0m[0m storage_class          = "STANDARD"
      [32m+[0m[0m tags                   = {
          [32m+[0m[0m "CostCenter"  = "FreeTier"
          [32m+[0m[0m "Environment" = "prod"
          [32m+[0m[0m "ManagedBy"   = "Terraform"
          [32m+[0m[0m "Owner"       = "v3nd377a_7ecorp"
          [32m+[0m[0m "Project"     = "statwox"
        }
      [32m+[0m[0m tags_all               = {
          [32m+[0m[0m "CostCenter"  = "FreeTier"
          [32m+[0m[0m "Environment" = "prod"
          [32m+[0m[0m "ManagedBy"   = "Terraform"
          [32m+[0m[0m "Owner"       = "v3nd377a_7ecorp"
          [32m+[0m[0m "Project"     = "statwox"
        }
      [32m+[0m[0m version_id             = (known after apply)
    }

[1m  # aws_s3_object.frontend_dist["_next/static/chunks/2f236954d6a65e12.js"][0m will be created
[0m  [32m+[0m[0m resource "aws_s3_object" "frontend_dist" {
      [32m+[0m[0m acl                    = (known after apply)
      [32m+[0m[0m arn                    = (known after apply)
      [32m+[0m[0m bucket                 = (known after apply)
      [32m+[0m[0m bucket_key_enabled     = (known after apply)
      [32m+[0m[0m checksum_crc32         = (known after apply)
      [32m+[0m[0m checksum_crc32c        = (known after apply)
      [32m+[0m[0m checksum_crc64nvme     = (known after apply)
      [32m+[0m[0m checksum_sha1          = (known after apply)
      [32m+[0m[0m checksum_sha256        = (known after apply)
      [32m+[0m[0m content_type           = "application/javascript"
      [32m+[0m[0m etag                   = (known after apply)
      [32m+[0m[0m force_destroy          = false
      [32m+[0m[0m id                     = (known after apply)
      [32m+[0m[0m key                    = "_next/static/chunks/2f236954d6a65e12.js"
      [32m+[0m[0m kms_key_id             = (known after apply)
      [32m+[0m[0m server_side_encryption = "AES256"
      [32m+[0m[0m source                 = "./../dist/assets/_next/static/chunks/2f236954d6a65e12.js"
      [32m+[0m[0m storage_class          = "STANDARD"
      [32m+[0m[0m tags                   = {
          [32m+[0m[0m "CostCenter"  = "FreeTier"
          [32m+[0m[0m "Environment" = "prod"
          [32m+[0m[0m "ManagedBy"   = "Terraform"
          [32m+[0m[0m "Owner"       = "v3nd377a_7ecorp"
          [32m+[0m[0m "Project"     = "statwox"
        }
      [32m+[0m[0m tags_all               = {
          [32m+[0m[0m "CostCenter"  = "FreeTier"
          [32m+[0m[0m "Environment" = "prod"
          [32m+[0m[0m "ManagedBy"   = "Terraform"
          [32m+[0m[0m "Owner"       = "v3nd377a_7ecorp"
          [32m+[0m[0m "Project"     = "statwox"
        }
      [32m+[0m[0m version_id             = (known after apply)
    }

[1m  # aws_s3_object.frontend_dist["_next/static/chunks/a6dad97d9634a72d.js"][0m will be created
[0m  [32m+[0m[0m resource "aws_s3_object" "frontend_dist" {
      [32m+[0m[0m acl                    = (known after apply)
      [32m+[0m[0m arn                    = (known after apply)
      [32m+[0m[0m bucket                 = (known after apply)
      [32m+[0m[0m bucket_key_enabled     = (known after apply)
      [32m+[0m[0m checksum_crc32         = (known after apply)
      [32m+[0m[0m checksum_crc32c        = (known after apply)
      [32m+[0m[0m checksum_crc64nvme     = (known after apply)
      [32m+[0m[0m checksum_sha1          = (known after apply)
      [32m+[0m[0m checksum_sha256        = (known after apply)
      [32m+[0m[0m content_type           = "application/javascript"
      [32m+[0m[0m etag                   = (known after apply)
      [32m+[0m[0m force_destroy          = false
      [32m+[0m[0m id                     = (known after apply)
      [32m+[0m[0m key                    = "_next/static/chunks/a6dad97d9634a72d.js"
      [32m+[0m[0m kms_key_id             = (known after apply)
      [32m+[0m[0m server_side_encryption = "AES256"
      [32m+[0m[0m source                 = "./../dist/assets/_next/static/chunks/a6dad97d9634a72d.js"
      [32m+[0m[0m storage_class          = "STANDARD"
      [32m+[0m[0m tags                   = {
          [32m+[0m[0m "CostCenter"  = "FreeTier"
          [32m+[0m[0m "Environment" = "prod"
          [32m+[0m[0m "ManagedBy"   = "Terraform"
          [32m+[0m[0m "Owner"       = "v3nd377a_7ecorp"
          [32m+[0m[0m "Project"     = "statwox"
        }
      [32m+[0m[0m tags_all               = {
          [32m+[0m[0m "CostCenter"  = "FreeTier"
          [32m+[0m[0m "Environment" = "prod"
          [32m+[0m[0m "ManagedBy"   = "Terraform"
          [32m+[0m[0m "Owner"       = "v3nd377a_7ecorp"
          [32m+[0m[0m "Project"     = "statwox"
        }
      [32m+[0m[0m version_id             = (known after apply)
    }

[1m  # aws_s3_object.frontend_dist["_next/static/chunks/a6dad97d9634a72d.js.map"][0m will be created
[0m  [32m+[0m[0m resource "aws_s3_object" "frontend_dist" {
      [32m+[0m[0m acl                    = (known after apply)
      [32m+[0m[0m arn                    = (known after apply)
      [32m+[0m[0m bucket                 = (known after apply)
      [32m+[0m[0m bucket_key_enabled     = (known after apply)
      [32m+[0m[0m checksum_crc32         = (known after apply)
      [32m+[0m[0m checksum_crc32c        = (known after apply)
      [32m+[0m[0m checksum_crc64nvme     = (known after apply)
      [32m+[0m[0m checksum_sha1          = (known after apply)
      [32m+[0m[0m checksum_sha256        = (known after apply)
      [32m+[0m[0m content_type           = "binary/octet-stream"
      [32m+[0m[0m etag                   = (known after apply)
      [32m+[0m[0m force_destroy          = false
      [32m+[0m[0m id                     = (known after apply)
      [32m+[0m[0m key                    = "_next/static/chunks/a6dad97d9634a72d.js.map"
      [32m+[0m[0m kms_key_id             = (known after apply)
      [32m+[0m[0m server_side_encryption = "AES256"
      [32m+[0m[0m source                 = "./../dist/assets/_next/static/chunks/a6dad97d9634a72d.js.map"
      [32m+[0m[0m storage_class          = "STANDARD"
      [32m+[0m[0m tags                   = {
          [32m+[0m[0m "CostCenter"  = "FreeTier"
          [32m+[0m[0m "Environment" = "prod"
          [32m+[0m[0m "ManagedBy"   = "Terraform"
          [32m+[0m[0m "Owner"       = "v3nd377a_7ecorp"
          [32m+[0m[0m "Project"     = "statwox"
        }
      [32m+[0m[0m tags_all               = {
          [32m+[0m[0m "CostCenter"  = "FreeTier"
          [32m+[0m[0m "Environment" = "prod"
          [32m+[0m[0m "ManagedBy"   = "Terraform"
          [32m+[0m[0m "Owner"       = "v3nd377a_7ecorp"
          [32m+[0m[0m "Project"     = "statwox"
        }
      [32m+[0m[0m version_id             = (known after apply)
    }

[1m  # aws_s3_object.frontend_dist["_next/static/chunks/b4db841e7e77ba2e.js"][0m will be created
[0m  [32m+[0m[0m resource "aws_s3_object" "frontend_dist" {
      [32m+[0m[0m acl                    = (known after apply)
      [32m+[0m[0m arn                    = (known after apply)
      [32m+[0m[0m bucket                 = (known after apply)
      [32m+[0m[0m bucket_key_enabled     = (known after apply)
      [32m+[0m[0m checksum_crc32         = (known after apply)
      [32m+[0m[0m checksum_crc32c        = (known after apply)
      [32m+[0m[0m checksum_crc64nvme     = (known after apply)
      [32m+[0m[0m checksum_sha1          = (known after apply)
      [32m+[0m[0m checksum_sha256        = (known after apply)
      [32m+[0m[0m content_type           = "application/javascript"
      [32m+[0m[0m etag                   = (known after apply)
      [32m+[0m[0m force_destroy          = false
      [32m+[0m[0m id                     = (known after apply)
      [32m+[0m[0m key                    = "_next/static/chunks/b4db841e7e77ba2e.js"
      [32m+[0m[0m kms_key_id             = (known after apply)
      [32m+[0m[0m server_side_encryption = "AES256"
      [32m+[0m[0m source                 = "./../dist/assets/_next/static/chunks/b4db841e7e77ba2e.js"
      [32m+[0m[0m storage_class          = "STANDARD"
      [32m+[0m[0m tags                   = {
          [32m+[0m[0m "CostCenter"  = "FreeTier"
          [32m+[0m[0m "Environment" = "prod"
          [32m+[0m[0m "ManagedBy"   = "Terraform"
          [32m+[0m[0m "Owner"       = "v3nd377a_7ecorp"
          [32m+[0m[0m "Project"     = "statwox"
        }
      [32m+[0m[0m tags_all               = {
          [32m+[0m[0m "CostCenter"  = "FreeTier"
          [32m+[0m[0m "Environment" = "prod"
          [32m+[0m[0m "ManagedBy"   = "Terraform"
          [32m+[0m[0m "Owner"       = "v3nd377a_7ecorp"
          [32m+[0m[0m "Project"     = "statwox"
        }
      [32m+[0m[0m version_id             = (known after apply)
    }

[1m  # aws_s3_object.frontend_dist["_next/static/chunks/ce480d832353d7ae.js"][0m will be created
[0m  [32m+[0m[0m resource "aws_s3_object" "frontend_dist" {
      [32m+[0m[0m acl                    = (known after apply)
      [32m+[0m[0m arn                    = (known after apply)
      [32m+[0m[0m bucket                 = (known after apply)
      [32m+[0m[0m bucket_key_enabled     = (known after apply)
      [32m+[0m[0m checksum_crc32         = (known after apply)
      [32m+[0m[0m checksum_crc32c        = (known after apply)
      [32m+[0m[0m checksum_crc64nvme     = (known after apply)
      [32m+[0m[0m checksum_sha1          = (known after apply)
      [32m+[0m[0m checksum_sha256        = (known after apply)
      [32m+[0m[0m content_type           = "application/javascript"
      [32m+[0m[0m etag                   = (known after apply)
      [32m+[0m[0m force_destroy          = false
      [32m+[0m[0m id                     = (known after apply)
      [32m+[0m[0m key                    = "_next/static/chunks/ce480d832353d7ae.js"
      [32m+[0m[0m kms_key_id             = (known after apply)
      [32m+[0m[0m server_side_encryption = "AES256"
      [32m+[0m[0m source                 = "./../dist/assets/_next/static/chunks/ce480d832353d7ae.js"
      [32m+[0m[0m storage_class          = "STANDARD"
      [32m+[0m[0m tags                   = {
          [32m+[0m[0m "CostCenter"  = "FreeTier"
          [32m+[0m[0m "Environment" = "prod"
          [32m+[0m[0m "ManagedBy"   = "Terraform"
          [32m+[0m[0m "Owner"       = "v3nd377a_7ecorp"
          [32m+[0m[0m "Project"     = "statwox"
        }
      [32m+[0m[0m tags_all               = {
          [32m+[0m[0m "CostCenter"  = "FreeTier"
          [32m+[0m[0m "Environment" = "prod"
          [32m+[0m[0m "ManagedBy"   = "Terraform"
          [32m+[0m[0m "Owner"       = "v3nd377a_7ecorp"
          [32m+[0m[0m "Project"     = "statwox"
        }
      [32m+[0m[0m version_id             = (known after apply)
    }

[1m  # aws_s3_object.frontend_dist["_next/static/chunks/d9dfa1eb51a8a928.css"][0m will be created
[0m  [32m+[0m[0m resource "aws_s3_object" "frontend_dist" {
      [32m+[0m[0m acl                    = (known after apply)
      [32m+[0m[0m arn                    = (known after apply)
      [32m+[0m[0m bucket                 = (known after apply)
      [32m+[0m[0m bucket_key_enabled     = (known after apply)
      [32m+[0m[0m checksum_crc32         = (known after apply)
      [32m+[0m[0m checksum_crc32c        = (known after apply)
      [32m+[0m[0m checksum_crc64nvme     = (known after apply)
      [32m+[0m[0m checksum_sha1          = (known after apply)
      [32m+[0m[0m checksum_sha256        = (known after apply)
      [32m+[0m[0m content_type           = "text/css"
      [32m+[0m[0m etag                   = (known after apply)
      [32m+[0m[0m force_destroy          = false
      [32m+[0m[0m id                     = (known after apply)
      [32m+[0m[0m key                    = "_next/static/chunks/d9dfa1eb51a8a928.css"
      [32m+[0m[0m kms_key_id             = (known after apply)
      [32m+[0m[0m server_side_encryption = "AES256"
      [32m+[0m[0m source                 = "./../dist/assets/_next/static/chunks/d9dfa1eb51a8a928.css"
      [32m+[0m[0m storage_class          = "STANDARD"
      [32m+[0m[0m tags                   = {
          [32m+[0m[0m "CostCenter"  = "FreeTier"
          [32m+[0m[0m "Environment" = "prod"
          [32m+[0m[0m "ManagedBy"   = "Terraform"
          [32m+[0m[0m "Owner"       = "v3nd377a_7ecorp"
          [32m+[0m[0m "Project"     = "statwox"
        }
      [32m+[0m[0m tags_all               = {
          [32m+[0m[0m "CostCenter"  = "FreeTier"
          [32m+[0m[0m "Environment" = "prod"
          [32m+[0m[0m "ManagedBy"   = "Terraform"
          [32m+[0m[0m "Owner"       = "v3nd377a_7ecorp"
          [32m+[0m[0m "Project"     = "statwox"
        }
      [32m+[0m[0m version_id             = (known after apply)
    }

[1m  # aws_s3_object.frontend_dist["_next/static/chunks/e6dd030cd2ef21f5.js"][0m will be created
[0m  [32m+[0m[0m resource "aws_s3_object" "frontend_dist" {
      [32m+[0m[0m acl                    = (known after apply)
      [32m+[0m[0m arn                    = (known after apply)
      [32m+[0m[0m bucket                 = (known after apply)
      [32m+[0m[0m bucket_key_enabled     = (known after apply)
      [32m+[0m[0m checksum_crc32         = (known after apply)
      [32m+[0m[0m checksum_crc32c        = (known after apply)
      [32m+[0m[0m checksum_crc64nvme     = (known after apply)
      [32m+[0m[0m checksum_sha1          = (known after apply)
      [32m+[0m[0m checksum_sha256        = (known after apply)
      [32m+[0m[0m content_type           = "application/javascript"
      [32m+[0m[0m etag                   = (known after apply)
      [32m+[0m[0m force_destroy          = false
      [32m+[0m[0m id                     = (known after apply)
      [32m+[0m[0m key                    = "_next/static/chunks/e6dd030cd2ef21f5.js"
      [32m+[0m[0m kms_key_id             = (known after apply)
      [32m+[0m[0m server_side_encryption = "AES256"
      [32m+[0m[0m source                 = "./../dist/assets/_next/static/chunks/e6dd030cd2ef21f5.js"
      [32m+[0m[0m storage_class          = "STANDARD"
      [32m+[0m[0m tags                   = {
          [32m+[0m[0m "CostCenter"  = "FreeTier"
          [32m+[0m[0m "Environment" = "prod"
          [32m+[0m[0m "ManagedBy"   = "Terraform"
          [32m+[0m[0m "Owner"       = "v3nd377a_7ecorp"
          [32m+[0m[0m "Project"     = "statwox"
        }
      [32m+[0m[0m tags_all               = {
          [32m+[0m[0m "CostCenter"  = "FreeTier"
          [32m+[0m[0m "Environment" = "prod"
          [32m+[0m[0m "ManagedBy"   = "Terraform"
          [32m+[0m[0m "Owner"       = "v3nd377a_7ecorp"
          [32m+[0m[0m "Project"     = "statwox"
        }
      [32m+[0m[0m version_id             = (known after apply)
    }

[1m  # aws_s3_object.frontend_dist["_next/static/chunks/f2f58a7e93290fbb.js"][0m will be created
[0m  [32m+[0m[0m resource "aws_s3_object" "frontend_dist" {
      [32m+[0m[0m acl                    = (known after apply)
      [32m+[0m[0m arn                    = (known after apply)
      [32m+[0m[0m bucket                 = (known after apply)
      [32m+[0m[0m bucket_key_enabled     = (known after apply)
      [32m+[0m[0m checksum_crc32         = (known after apply)
      [32m+[0m[0m checksum_crc32c        = (known after apply)
      [32m+[0m[0m checksum_crc64nvme     = (known after apply)
      [32m+[0m[0m checksum_sha1          = (known after apply)
      [32m+[0m[0m checksum_sha256        = (known after apply)
      [32m+[0m[0m content_type           = "application/javascript"
      [32m+[0m[0m etag                   = (known after apply)
      [32m+[0m[0m force_destroy          = false
      [32m+[0m[0m id                     = (known after apply)
      [32m+[0m[0m key                    = "_next/static/chunks/f2f58a7e93290fbb.js"
      [32m+[0m[0m kms_key_id             = (known after apply)
      [32m+[0m[0m server_side_encryption = "AES256"
      [32m+[0m[0m source                 = "./../dist/assets/_next/static/chunks/f2f58a7e93290fbb.js"
      [32m+[0m[0m storage_class          = "STANDARD"
      [32m+[0m[0m tags                   = {
          [32m+[0m[0m "CostCenter"  = "FreeTier"
          [32m+[0m[0m "Environment" = "prod"
          [32m+[0m[0m "ManagedBy"   = "Terraform"
          [32m+[0m[0m "Owner"       = "v3nd377a_7ecorp"
          [32m+[0m[0m "Project"     = "statwox"
        }
      [32m+[0m[0m tags_all               = {
          [32m+[0m[0m "CostCenter"  = "FreeTier"
          [32m+[0m[0m "Environment" = "prod"
          [32m+[0m[0m "ManagedBy"   = "Terraform"
          [32m+[0m[0m "Owner"       = "v3nd377a_7ecorp"
          [32m+[0m[0m "Project"     = "statwox"
        }
      [32m+[0m[0m version_id             = (known after apply)
    }

[1m  # aws_s3_object.frontend_dist["_next/static/chunks/turbopack-6b1e6c49c3c34a02.js"][0m will be created
[0m  [32m+[0m[0m resource "aws_s3_object" "frontend_dist" {
      [32m+[0m[0m acl                    = (known after apply)
      [32m+[0m[0m arn                    = (known after apply)
      [32m+[0m[0m bucket                 = (known after apply)
      [32m+[0m[0m bucket_key_enabled     = (known after apply)
      [32m+[0m[0m checksum_crc32         = (known after apply)
      [32m+[0m[0m checksum_crc32c        = (known after apply)
      [32m+[0m[0m checksum_crc64nvme     = (known after apply)
      [32m+[0m[0m checksum_sha1          = (known after apply)
      [32m+[0m[0m checksum_sha256        = (known after apply)
      [32m+[0m[0m content_type           = "application/javascript"
      [32m+[0m[0m etag                   = (known after apply)
      [32m+[0m[0m force_destroy          = false
      [32m+[0m[0m id                     = (known after apply)
      [32m+[0m[0m key                    = "_next/static/chunks/turbopack-6b1e6c49c3c34a02.js"
      [32m+[0m[0m kms_key_id             = (known after apply)
      [32m+[0m[0m server_side_encryption = "AES256"
      [32m+[0m[0m source                 = "./../dist/assets/_next/static/chunks/turbopack-6b1e6c49c3c34a02.js"
      [32m+[0m[0m storage_class          = "STANDARD"
      [32m+[0m[0m tags                   = {
          [32m+[0m[0m "CostCenter"  = "FreeTier"
          [32m+[0m[0m "Environment" = "prod"
          [32m+[0m[0m "ManagedBy"   = "Terraform"
          [32m+[0m[0m "Owner"       = "v3nd377a_7ecorp"
          [32m+[0m[0m "Project"     = "statwox"
        }
      [32m+[0m[0m tags_all               = {
          [32m+[0m[0m "CostCenter"  = "FreeTier"
          [32m+[0m[0m "Environment" = "prod"
          [32m+[0m[0m "ManagedBy"   = "Terraform"
          [32m+[0m[0m "Owner"       = "v3nd377a_7ecorp"
          [32m+[0m[0m "Project"     = "statwox"
        }
      [32m+[0m[0m version_id             = (known after apply)
    }

[1m  # aws_s3_object.frontend_dist["_next/static/media/1bffadaabf893a1e-s.7cd81963.woff2"][0m will be created
[0m  [32m+[0m[0m resource "aws_s3_object" "frontend_dist" {
      [32m+[0m[0m acl                    = (known after apply)
      [32m+[0m[0m arn                    = (known after apply)
      [32m+[0m[0m bucket                 = (known after apply)
      [32m+[0m[0m bucket_key_enabled     = (known after apply)
      [32m+[0m[0m checksum_crc32         = (known after apply)
      [32m+[0m[0m checksum_crc32c        = (known after apply)
      [32m+[0m[0m checksum_crc64nvme     = (known after apply)
      [32m+[0m[0m checksum_sha1          = (known after apply)
      [32m+[0m[0m checksum_sha256        = (known after apply)
      [32m+[0m[0m content_type           = "binary/octet-stream"
      [32m+[0m[0m etag                   = (known after apply)
      [32m+[0m[0m force_destroy          = false
      [32m+[0m[0m id                     = (known after apply)
      [32m+[0m[0m key                    = "_next/static/media/1bffadaabf893a1e-s.7cd81963.woff2"
      [32m+[0m[0m kms_key_id             = (known after apply)
      [32m+[0m[0m server_side_encryption = "AES256"
      [32m+[0m[0m source                 = "./../dist/assets/_next/static/media/1bffadaabf893a1e-s.7cd81963.woff2"
      [32m+[0m[0m storage_class          = "STANDARD"
      [32m+[0m[0m tags                   = {
          [32m+[0m[0m "CostCenter"  = "FreeTier"
          [32m+[0m[0m "Environment" = "prod"
          [32m+[0m[0m "ManagedBy"   = "Terraform"
          [32m+[0m[0m "Owner"       = "v3nd377a_7ecorp"
          [32m+[0m[0m "Project"     = "statwox"
        }
      [32m+[0m[0m tags_all               = {
          [32m+[0m[0m "CostCenter"  = "FreeTier"
          [32m+[0m[0m "Environment" = "prod"
          [32m+[0m[0m "ManagedBy"   = "Terraform"
          [32m+[0m[0m "Owner"       = "v3nd377a_7ecorp"
          [32m+[0m[0m "Project"     = "statwox"
        }
      [32m+[0m[0m version_id             = (known after apply)
    }

[1m  # aws_s3_object.frontend_dist["_next/static/media/2bbe8d2671613f1f-s.76dcb0b2.woff2"][0m will be created
[0m  [32m+[0m[0m resource "aws_s3_object" "frontend_dist" {
      [32m+[0m[0m acl                    = (known after apply)
      [32m+[0m[0m arn                    = (known after apply)
      [32m+[0m[0m bucket                 = (known after apply)
      [32m+[0m[0m bucket_key_enabled     = (known after apply)
      [32m+[0m[0m checksum_crc32         = (known after apply)
      [32m+[0m[0m checksum_crc32c        = (known after apply)
      [32m+[0m[0m checksum_crc64nvme     = (known after apply)
      [32m+[0m[0m checksum_sha1          = (known after apply)
      [32m+[0m[0m checksum_sha256        = (known after apply)
      [32m+[0m[0m content_type           = "binary/octet-stream"
      [32m+[0m[0m etag                   = (known after apply)
      [32m+[0m[0m force_destroy          = false
      [32m+[0m[0m id                     = (known after apply)
      [32m+[0m[0m key                    = "_next/static/media/2bbe8d2671613f1f-s.76dcb0b2.woff2"
      [32m+[0m[0m kms_key_id             = (known after apply)
      [32m+[0m[0m server_side_encryption = "AES256"
      [32m+[0m[0m source                 = "./../dist/assets/_next/static/media/2bbe8d2671613f1f-s.76dcb0b2.woff2"
      [32m+[0m[0m storage_class          = "STANDARD"
      [32m+[0m[0m tags                   = {
          [32m+[0m[0m "CostCenter"  = "FreeTier"
          [32m+[0m[0m "Environment" = "prod"
          [32m+[0m[0m "ManagedBy"   = "Terraform"
          [32m+[0m[0m "Owner"       = "v3nd377a_7ecorp"
          [32m+[0m[0m "Project"     = "statwox"
        }
      [32m+[0m[0m tags_all               = {
          [32m+[0m[0m "CostCenter"  = "FreeTier"
          [32m+[0m[0m "Environment" = "prod"
          [32m+[0m[0m "ManagedBy"   = "Terraform"
          [32m+[0m[0m "Owner"       = "v3nd377a_7ecorp"
          [32m+[0m[0m "Project"     = "statwox"
        }
      [32m+[0m[0m version_id             = (known after apply)
    }

[1m  # aws_s3_object.frontend_dist["_next/static/media/2c55a0e60120577a-s.2a48534a.woff2"][0m will be created
[0m  [32m+[0m[0m resource "aws_s3_object" "frontend_dist" {
      [32m+[0m[0m acl                    = (known after apply)
      [32m+[0m[0m arn                    = (known after apply)
      [32m+[0m[0m bucket                 = (known after apply)
      [32m+[0m[0m bucket_key_enabled     = (known after apply)
      [32m+[0m[0m checksum_crc32         = (known after apply)
      [32m+[0m[0m checksum_crc32c        = (known after apply)
      [32m+[0m[0m checksum_crc64nvme     = (known after apply)
      [32m+[0m[0m checksum_sha1          = (known after apply)
      [32m+[0m[0m checksum_sha256        = (known after apply)
      [32m+[0m[0m content_type           = "binary/octet-stream"
      [32m+[0m[0m etag                   = (known after apply)
      [32m+[0m[0m force_destroy          = false
      [32m+[0m[0m id                     = (known after apply)
      [32m+[0m[0m key                    = "_next/static/media/2c55a0e60120577a-s.2a48534a.woff2"
      [32m+[0m[0m kms_key_id             = (known after apply)
      [32m+[0m[0m server_side_encryption = "AES256"
      [32m+[0m[0m source                 = "./../dist/assets/_next/static/media/2c55a0e60120577a-s.2a48534a.woff2"
      [32m+[0m[0m storage_class          = "STANDARD"
      [32m+[0m[0m tags                   = {
          [32m+[0m[0m "CostCenter"  = "FreeTier"
          [32m+[0m[0m "Environment" = "prod"
          [32m+[0m[0m "ManagedBy"   = "Terraform"
          [32m+[0m[0m "Owner"       = "v3nd377a_7ecorp"
          [32m+[0m[0m "Project"     = "statwox"
        }
      [32m+[0m[0m tags_all               = {
          [32m+[0m[0m "CostCenter"  = "FreeTier"
          [32m+[0m[0m "Environment" = "prod"
          [32m+[0m[0m "ManagedBy"   = "Terraform"
          [32m+[0m[0m "Owner"       = "v3nd377a_7ecorp"
          [32m+[0m[0m "Project"     = "statwox"
        }
      [32m+[0m[0m version_id             = (known after apply)
    }

[1m  # aws_s3_object.frontend_dist["_next/static/media/5476f68d60460930-s.c995e352.woff2"][0m will be created
[0m  [32m+[0m[0m resource "aws_s3_object" "frontend_dist" {
      [32m+[0m[0m acl                    = (known after apply)
      [32m+[0m[0m arn                    = (known after apply)
      [32m+[0m[0m bucket                 = (known after apply)
      [32m+[0m[0m bucket_key_enabled     = (known after apply)
      [32m+[0m[0m checksum_crc32         = (known after apply)
      [32m+[0m[0m checksum_crc32c        = (known after apply)
      [32m+[0m[0m checksum_crc64nvme     = (known after apply)
      [32m+[0m[0m checksum_sha1          = (known after apply)
      [32m+[0m[0m checksum_sha256        = (known after apply)
      [32m+[0m[0m content_type           = "binary/octet-stream"
      [32m+[0m[0m etag                   = (known after apply)
      [32m+[0m[0m force_destroy          = false
      [32m+[0m[0m id                     = (known after apply)
      [32m+[0m[0m key                    = "_next/static/media/5476f68d60460930-s.c995e352.woff2"
      [32m+[0m[0m kms_key_id             = (known after apply)
      [32m+[0m[0m server_side_encryption = "AES256"
      [32m+[0m[0m source                 = "./../dist/assets/_next/static/media/5476f68d60460930-s.c995e352.woff2"
      [32m+[0m[0m storage_class          = "STANDARD"
      [32m+[0m[0m tags                   = {
          [32m+[0m[0m "CostCenter"  = "FreeTier"
          [32m+[0m[0m "Environment" = "prod"
          [32m+[0m[0m "ManagedBy"   = "Terraform"
          [32m+[0m[0m "Owner"       = "v3nd377a_7ecorp"
          [32m+[0m[0m "Project"     = "statwox"
        }
      [32m+[0m[0m tags_all               = {
          [32m+[0m[0m "CostCenter"  = "FreeTier"
          [32m+[0m[0m "Environment" = "prod"
          [32m+[0m[0m "ManagedBy"   = "Terraform"
          [32m+[0m[0m "Owner"       = "v3nd377a_7ecorp"
          [32m+[0m[0m "Project"     = "statwox"
        }
      [32m+[0m[0m version_id             = (known after apply)
    }

[1m  # aws_s3_object.frontend_dist["_next/static/media/83afe278b6a6bb3c-s.p.3a6ba036.woff2"][0m will be created
[0m  [32m+[0m[0m resource "aws_s3_object" "frontend_dist" {
      [32m+[0m[0m acl                    = (known after apply)
      [32m+[0m[0m arn                    = (known after apply)
      [32m+[0m[0m bucket                 = (known after apply)
      [32m+[0m[0m bucket_key_enabled     = (known after apply)
      [32m+[0m[0m checksum_crc32         = (known after apply)
      [32m+[0m[0m checksum_crc32c        = (known after apply)
      [32m+[0m[0m checksum_crc64nvme     = (known after apply)
      [32m+[0m[0m checksum_sha1          = (known after apply)
      [32m+[0m[0m checksum_sha256        = (known after apply)
      [32m+[0m[0m content_type           = "binary/octet-stream"
      [32m+[0m[0m etag                   = (known after apply)
      [32m+[0m[0m force_destroy          = false
      [32m+[0m[0m id                     = (known after apply)
      [32m+[0m[0m key                    = "_next/static/media/83afe278b6a6bb3c-s.p.3a6ba036.woff2"
      [32m+[0m[0m kms_key_id             = (known after apply)
      [32m+[0m[0m server_side_encryption = "AES256"
      [32m+[0m[0m source                 = "./../dist/assets/_next/static/media/83afe278b6a6bb3c-s.p.3a6ba036.woff2"
      [32m+[0m[0m storage_class          = "STANDARD"
      [32m+[0m[0m tags                   = {
          [32m+[0m[0m "CostCenter"  = "FreeTier"
          [32m+[0m[0m "Environment" = "prod"
          [32m+[0m[0m "ManagedBy"   = "Terraform"
          [32m+[0m[0m "Owner"       = "v3nd377a_7ecorp"
          [32m+[0m[0m "Project"     = "statwox"
        }
      [32m+[0m[0m tags_all               = {
          [32m+[0m[0m "CostCenter"  = "FreeTier"
          [32m+[0m[0m "Environment" = "prod"
          [32m+[0m[0m "ManagedBy"   = "Terraform"
          [32m+[0m[0m "Owner"       = "v3nd377a_7ecorp"
          [32m+[0m[0m "Project"     = "statwox"
        }
      [32m+[0m[0m version_id             = (known after apply)
    }

[1m  # aws_s3_object.frontend_dist["_next/static/media/9c72aa0f40e4eef8-s.18a48cbc.woff2"][0m will be created
[0m  [32m+[0m[0m resource "aws_s3_object" "frontend_dist" {
      [32m+[0m[0m acl                    = (known after apply)
      [32m+[0m[0m arn                    = (known after apply)
      [32m+[0m[0m bucket                 = (known after apply)
      [32m+[0m[0m bucket_key_enabled     = (known after apply)
      [32m+[0m[0m checksum_crc32         = (known after apply)
      [32m+[0m[0m checksum_crc32c        = (known after apply)
      [32m+[0m[0m checksum_crc64nvme     = (known after apply)
      [32m+[0m[0m checksum_sha1          = (known after apply)
      [32m+[0m[0m checksum_sha256        = (known after apply)
      [32m+[0m[0m content_type           = "binary/octet-stream"
      [32m+[0m[0m etag                   = (known after apply)
      [32m+[0m[0m force_destroy          = false
      [32m+[0m[0m id                     = (known after apply)
      [32m+[0m[0m key                    = "_next/static/media/9c72aa0f40e4eef8-s.18a48cbc.woff2"
      [32m+[0m[0m kms_key_id             = (known after apply)
      [32m+[0m[0m server_side_encryption = "AES256"
      [32m+[0m[0m source                 = "./../dist/assets/_next/static/media/9c72aa0f40e4eef8-s.18a48cbc.woff2"
      [32m+[0m[0m storage_class          = "STANDARD"
      [32m+[0m[0m tags                   = {
          [32m+[0m[0m "CostCenter"  = "FreeTier"
          [32m+[0m[0m "Environment" = "prod"
          [32m+[0m[0m "ManagedBy"   = "Terraform"
          [32m+[0m[0m "Owner"       = "v3nd377a_7ecorp"
          [32m+[0m[0m "Project"     = "statwox"
        }
      [32m+[0m[0m tags_all               = {
          [32m+[0m[0m "CostCenter"  = "FreeTier"
          [32m+[0m[0m "Environment" = "prod"
          [32m+[0m[0m "ManagedBy"   = "Terraform"
          [32m+[0m[0m "Owner"       = "v3nd377a_7ecorp"
          [32m+[0m[0m "Project"     = "statwox"
        }
      [32m+[0m[0m version_id             = (known after apply)
    }

[1m  # aws_s3_object.frontend_dist["_next/static/media/ad66f9afd8947f86-s.7a40eb73.woff2"][0m will be created
[0m  [32m+[0m[0m resource "aws_s3_object" "frontend_dist" {
      [32m+[0m[0m acl                    = (known after apply)
      [32m+[0m[0m arn                    = (known after apply)
      [32m+[0m[0m bucket                 = (known after apply)
      [32m+[0m[0m bucket_key_enabled     = (known after apply)
      [32m+[0m[0m checksum_crc32         = (known after apply)
      [32m+[0m[0m checksum_crc32c        = (known after apply)
      [32m+[0m[0m checksum_crc64nvme     = (known after apply)
      [32m+[0m[0m checksum_sha1          = (known after apply)
      [32m+[0m[0m checksum_sha256        = (known after apply)
      [32m+[0m[0m content_type           = "binary/octet-stream"
      [32m+[0m[0m etag                   = (known after apply)
      [32m+[0m[0m force_destroy          = false
      [32m+[0m[0m id                     = (known after apply)
      [32m+[0m[0m key                    = "_next/static/media/ad66f9afd8947f86-s.7a40eb73.woff2"
      [32m+[0m[0m kms_key_id             = (known after apply)
      [32m+[0m[0m server_side_encryption = "AES256"
      [32m+[0m[0m source                 = "./../dist/assets/_next/static/media/ad66f9afd8947f86-s.7a40eb73.woff2"
      [32m+[0m[0m storage_class          = "STANDARD"
      [32m+[0m[0m tags                   = {
          [32m+[0m[0m "CostCenter"  = "FreeTier"
          [32m+[0m[0m "Environment" = "prod"
          [32m+[0m[0m "ManagedBy"   = "Terraform"
          [32m+[0m[0m "Owner"       = "v3nd377a_7ecorp"
          [32m+[0m[0m "Project"     = "statwox"
        }
      [32m+[0m[0m tags_all               = {
          [32m+[0m[0m "CostCenter"  = "FreeTier"
          [32m+[0m[0m "Environment" = "prod"
          [32m+[0m[0m "ManagedBy"   = "Terraform"
          [32m+[0m[0m "Owner"       = "v3nd377a_7ecorp"
          [32m+[0m[0m "Project"     = "statwox"
        }
      [32m+[0m[0m version_id             = (known after apply)
    }

[1m  # aws_s3_object.frontend_dist["_next/static/media/favicon.0b3bf435.ico"][0m will be created
[0m  [32m+[0m[0m resource "aws_s3_object" "frontend_dist" {
      [32m+[0m[0m acl                    = (known after apply)
      [32m+[0m[0m arn                    = (known after apply)
      [32m+[0m[0m bucket                 = (known after apply)
      [32m+[0m[0m bucket_key_enabled     = (known after apply)
      [32m+[0m[0m checksum_crc32         = (known after apply)
      [32m+[0m[0m checksum_crc32c        = (known after apply)
      [32m+[0m[0m checksum_crc64nvme     = (known after apply)
      [32m+[0m[0m checksum_sha1          = (known after apply)
      [32m+[0m[0m checksum_sha256        = (known after apply)
      [32m+[0m[0m content_type           = "image/x-icon"
      [32m+[0m[0m etag                   = (known after apply)
      [32m+[0m[0m force_destroy          = false
      [32m+[0m[0m id                     = (known after apply)
      [32m+[0m[0m key                    = "_next/static/media/favicon.0b3bf435.ico"
      [32m+[0m[0m kms_key_id             = (known after apply)
      [32m+[0m[0m server_side_encryption = "AES256"
      [32m+[0m[0m source                 = "./../dist/assets/_next/static/media/favicon.0b3bf435.ico"
      [32m+[0m[0m storage_class          = "STANDARD"
      [32m+[0m[0m tags                   = {
          [32m+[0m[0m "CostCenter"  = "FreeTier"
          [32m+[0m[0m "Environment" = "prod"
          [32m+[0m[0m "ManagedBy"   = "Terraform"
          [32m+[0m[0m "Owner"       = "v3nd377a_7ecorp"
          [32m+[0m[0m "Project"     = "statwox"
        }
      [32m+[0m[0m tags_all               = {
          [32m+[0m[0m "CostCenter"  = "FreeTier"
          [32m+[0m[0m "Environment" = "prod"
          [32m+[0m[0m "ManagedBy"   = "Terraform"
          [32m+[0m[0m "Owner"       = "v3nd377a_7ecorp"
          [32m+[0m[0m "Project"     = "statwox"
        }
      [32m+[0m[0m version_id             = (known after apply)
    }

[1m  # aws_s3_object.frontend_dist["_next/static/zGPbzApW-Unq-m140pb7N/_buildManifest.js"][0m will be created
[0m  [32m+[0m[0m resource "aws_s3_object" "frontend_dist" {
      [32m+[0m[0m acl                    = (known after apply)
      [32m+[0m[0m arn                    = (known after apply)
      [32m+[0m[0m bucket                 = (known after apply)
      [32m+[0m[0m bucket_key_enabled     = (known after apply)
      [32m+[0m[0m checksum_crc32         = (known after apply)
      [32m+[0m[0m checksum_crc32c        = (known after apply)
      [32m+[0m[0m checksum_crc64nvme     = (known after apply)
      [32m+[0m[0m checksum_sha1          = (known after apply)
      [32m+[0m[0m checksum_sha256        = (known after apply)
      [32m+[0m[0m content_type           = "application/javascript"
      [32m+[0m[0m etag                   = (known after apply)
      [32m+[0m[0m force_destroy          = false
      [32m+[0m[0m id                     = (known after apply)
      [32m+[0m[0m key                    = "_next/static/zGPbzApW-Unq-m140pb7N/_buildManifest.js"
      [32m+[0m[0m kms_key_id             = (known after apply)
      [32m+[0m[0m server_side_encryption = "AES256"
      [32m+[0m[0m source                 = "./../dist/assets/_next/static/zGPbzApW-Unq-m140pb7N/_buildManifest.js"
      [32m+[0m[0m storage_class          = "STANDARD"
      [32m+[0m[0m tags                   = {
          [32m+[0m[0m "CostCenter"  = "FreeTier"
          [32m+[0m[0m "Environment" = "prod"
          [32m+[0m[0m "ManagedBy"   = "Terraform"
          [32m+[0m[0m "Owner"       = "v3nd377a_7ecorp"
          [32m+[0m[0m "Project"     = "statwox"
        }
      [32m+[0m[0m tags_all               = {
          [32m+[0m[0m "CostCenter"  = "FreeTier"
          [32m+[0m[0m "Environment" = "prod"
          [32m+[0m[0m "ManagedBy"   = "Terraform"
          [32m+[0m[0m "Owner"       = "v3nd377a_7ecorp"
          [32m+[0m[0m "Project"     = "statwox"
        }
      [32m+[0m[0m version_id             = (known after apply)
    }

[1m  # aws_s3_object.frontend_dist["_next/static/zGPbzApW-Unq-m140pb7N/_clientMiddlewareManifest.json"][0m will be created
[0m  [32m+[0m[0m resource "aws_s3_object" "frontend_dist" {
      [32m+[0m[0m acl                    = (known after apply)
      [32m+[0m[0m arn                    = (known after apply)
      [32m+[0m[0m bucket                 = (known after apply)
      [32m+[0m[0m bucket_key_enabled     = (known after apply)
      [32m+[0m[0m checksum_crc32         = (known after apply)
      [32m+[0m[0m checksum_crc32c        = (known after apply)
      [32m+[0m[0m checksum_crc64nvme     = (known after apply)
      [32m+[0m[0m checksum_sha1          = (known after apply)
      [32m+[0m[0m checksum_sha256        = (known after apply)
      [32m+[0m[0m content_type           = "application/json"
      [32m+[0m[0m etag                   = (known after apply)
      [32m+[0m[0m force_destroy          = false
      [32m+[0m[0m id                     = (known after apply)
      [32m+[0m[0m key                    = "_next/static/zGPbzApW-Unq-m140pb7N/_clientMiddlewareManifest.json"
      [32m+[0m[0m kms_key_id             = (known after apply)
      [32m+[0m[0m server_side_encryption = "AES256"
      [32m+[0m[0m source                 = "./../dist/assets/_next/static/zGPbzApW-Unq-m140pb7N/_clientMiddlewareManifest.json"
      [32m+[0m[0m storage_class          = "STANDARD"
      [32m+[0m[0m tags                   = {
          [32m+[0m[0m "CostCenter"  = "FreeTier"
          [32m+[0m[0m "Environment" = "prod"
          [32m+[0m[0m "ManagedBy"   = "Terraform"
          [32m+[0m[0m "Owner"       = "v3nd377a_7ecorp"
          [32m+[0m[0m "Project"     = "statwox"
        }
      [32m+[0m[0m tags_all               = {
          [32m+[0m[0m "CostCenter"  = "FreeTier"
          [32m+[0m[0m "Environment" = "prod"
          [32m+[0m[0m "ManagedBy"   = "Terraform"
          [32m+[0m[0m "Owner"       = "v3nd377a_7ecorp"
          [32m+[0m[0m "Project"     = "statwox"
        }
      [32m+[0m[0m version_id             = (known after apply)
    }

[1m  # aws_s3_object.frontend_dist["_next/static/zGPbzApW-Unq-m140pb7N/_ssgManifest.js"][0m will be created
[0m  [32m+[0m[0m resource "aws_s3_object" "frontend_dist" {
      [32m+[0m[0m acl                    = (known after apply)
      [32m+[0m[0m arn                    = (known after apply)
      [32m+[0m[0m bucket                 = (known after apply)
      [32m+[0m[0m bucket_key_enabled     = (known after apply)
      [32m+[0m[0m checksum_crc32         = (known after apply)
      [32m+[0m[0m checksum_crc32c        = (known after apply)
      [32m+[0m[0m checksum_crc64nvme     = (known after apply)
      [32m+[0m[0m checksum_sha1          = (known after apply)
      [32m+[0m[0m checksum_sha256        = (known after apply)
      [32m+[0m[0m content_type           = "application/javascript"
      [32m+[0m[0m etag                   = (known after apply)
      [32m+[0m[0m force_destroy          = false
      [32m+[0m[0m id                     = (known after apply)
      [32m+[0m[0m key                    = "_next/static/zGPbzApW-Unq-m140pb7N/_ssgManifest.js"
      [32m+[0m[0m kms_key_id             = (known after apply)
      [32m+[0m[0m server_side_encryption = "AES256"
      [32m+[0m[0m source                 = "./../dist/assets/_next/static/zGPbzApW-Unq-m140pb7N/_ssgManifest.js"
      [32m+[0m[0m storage_class          = "STANDARD"
      [32m+[0m[0m tags                   = {
          [32m+[0m[0m "CostCenter"  = "FreeTier"
          [32m+[0m[0m "Environment" = "prod"
          [32m+[0m[0m "ManagedBy"   = "Terraform"
          [32m+[0m[0m "Owner"       = "v3nd377a_7ecorp"
          [32m+[0m[0m "Project"     = "statwox"
        }
      [32m+[0m[0m tags_all               = {
          [32m+[0m[0m "CostCenter"  = "FreeTier"
          [32m+[0m[0m "Environment" = "prod"
          [32m+[0m[0m "ManagedBy"   = "Terraform"
          [32m+[0m[0m "Owner"       = "v3nd377a_7ecorp"
          [32m+[0m[0m "Project"     = "statwox"
        }
      [32m+[0m[0m version_id             = (known after apply)
    }

[1m  # aws_s3_object.frontend_dist["file.svg"][0m will be created
[0m  [32m+[0m[0m resource "aws_s3_object" "frontend_dist" {
      [32m+[0m[0m acl                    = (known after apply)
      [32m+[0m[0m arn                    = (known after apply)
      [32m+[0m[0m bucket                 = (known after apply)
      [32m+[0m[0m bucket_key_enabled     = (known after apply)
      [32m+[0m[0m checksum_crc32         = (known after apply)
      [32m+[0m[0m checksum_crc32c        = (known after apply)
      [32m+[0m[0m checksum_crc64nvme     = (known after apply)
      [32m+[0m[0m checksum_sha1          = (known after apply)
      [32m+[0m[0m checksum_sha256        = (known after apply)
      [32m+[0m[0m content_type           = "image/svg+xml"
      [32m+[0m[0m etag                   = (known after apply)
      [32m+[0m[0m force_destroy          = false
      [32m+[0m[0m id                     = (known after apply)
      [32m+[0m[0m key                    = "file.svg"
      [32m+[0m[0m kms_key_id             = (known after apply)
      [32m+[0m[0m server_side_encryption = "AES256"
      [32m+[0m[0m source                 = "./../dist/assets/file.svg"
      [32m+[0m[0m storage_class          = "STANDARD"
      [32m+[0m[0m tags                   = {
          [32m+[0m[0m "CostCenter"  = "FreeTier"
          [32m+[0m[0m "Environment" = "prod"
          [32m+[0m[0m "ManagedBy"   = "Terraform"
          [32m+[0m[0m "Owner"       = "v3nd377a_7ecorp"
          [32m+[0m[0m "Project"     = "statwox"
        }
      [32m+[0m[0m tags_all               = {
          [32m+[0m[0m "CostCenter"  = "FreeTier"
          [32m+[0m[0m "Environment" = "prod"
          [32m+[0m[0m "ManagedBy"   = "Terraform"
          [32m+[0m[0m "Owner"       = "v3nd377a_7ecorp"
          [32m+[0m[0m "Project"     = "statwox"
        }
      [32m+[0m[0m version_id             = (known after apply)
    }

[1m  # aws_s3_object.frontend_dist["globe.svg"][0m will be created
[0m  [32m+[0m[0m resource "aws_s3_object" "frontend_dist" {
      [32m+[0m[0m acl                    = (known after apply)
      [32m+[0m[0m arn                    = (known after apply)
      [32m+[0m[0m bucket                 = (known after apply)
      [32m+[0m[0m bucket_key_enabled     = (known after apply)
      [32m+[0m[0m checksum_crc32         = (known after apply)
      [32m+[0m[0m checksum_crc32c        = (known after apply)
      [32m+[0m[0m checksum_crc64nvme     = (known after apply)
      [32m+[0m[0m checksum_sha1          = (known after apply)
      [32m+[0m[0m checksum_sha256        = (known after apply)
      [32m+[0m[0m content_type           = "image/svg+xml"
      [32m+[0m[0m etag                   = (known after apply)
      [32m+[0m[0m force_destroy          = false
      [32m+[0m[0m id                     = (known after apply)
      [32m+[0m[0m key                    = "globe.svg"
      [32m+[0m[0m kms_key_id             = (known after apply)
      [32m+[0m[0m server_side_encryption = "AES256"
      [32m+[0m[0m source                 = "./../dist/assets/globe.svg"
      [32m+[0m[0m storage_class          = "STANDARD"
      [32m+[0m[0m tags                   = {
          [32m+[0m[0m "CostCenter"  = "FreeTier"
          [32m+[0m[0m "Environment" = "prod"
          [32m+[0m[0m "ManagedBy"   = "Terraform"
          [32m+[0m[0m "Owner"       = "v3nd377a_7ecorp"
          [32m+[0m[0m "Project"     = "statwox"
        }
      [32m+[0m[0m tags_all               = {
          [32m+[0m[0m "CostCenter"  = "FreeTier"
          [32m+[0m[0m "Environment" = "prod"
          [32m+[0m[0m "ManagedBy"   = "Terraform"
          [32m+[0m[0m "Owner"       = "v3nd377a_7ecorp"
          [32m+[0m[0m "Project"     = "statwox"
        }
      [32m+[0m[0m version_id             = (known after apply)
    }

[1m  # aws_s3_object.frontend_dist["next.svg"][0m will be created
[0m  [32m+[0m[0m resource "aws_s3_object" "frontend_dist" {
      [32m+[0m[0m acl                    = (known after apply)
      [32m+[0m[0m arn                    = (known after apply)
      [32m+[0m[0m bucket                 = (known after apply)
      [32m+[0m[0m bucket_key_enabled     = (known after apply)
      [32m+[0m[0m checksum_crc32         = (known after apply)
      [32m+[0m[0m checksum_crc32c        = (known after apply)
      [32m+[0m[0m checksum_crc64nvme     = (known after apply)
      [32m+[0m[0m checksum_sha1          = (known after apply)
      [32m+[0m[0m checksum_sha256        = (known after apply)
      [32m+[0m[0m content_type           = "image/svg+xml"
      [32m+[0m[0m etag                   = (known after apply)
      [32m+[0m[0m force_destroy          = false
      [32m+[0m[0m id                     = (known after apply)
      [32m+[0m[0m key                    = "next.svg"
      [32m+[0m[0m kms_key_id             = (known after apply)
      [32m+[0m[0m server_side_encryption = "AES256"
      [32m+[0m[0m source                 = "./../dist/assets/next.svg"
      [32m+[0m[0m storage_class          = "STANDARD"
      [32m+[0m[0m tags                   = {
          [32m+[0m[0m "CostCenter"  = "FreeTier"
          [32m+[0m[0m "Environment" = "prod"
          [32m+[0m[0m "ManagedBy"   = "Terraform"
          [32m+[0m[0m "Owner"       = "v3nd377a_7ecorp"
          [32m+[0m[0m "Project"     = "statwox"
        }
      [32m+[0m[0m tags_all               = {
          [32m+[0m[0m "CostCenter"  = "FreeTier"
          [32m+[0m[0m "Environment" = "prod"
          [32m+[0m[0m "ManagedBy"   = "Terraform"
          [32m+[0m[0m "Owner"       = "v3nd377a_7ecorp"
          [32m+[0m[0m "Project"     = "statwox"
        }
      [32m+[0m[0m version_id             = (known after apply)
    }

[1m  # aws_security_group.rds[0m will be created
[0m  [32m+[0m[0m resource "aws_security_group" "rds" {
      [32m+[0m[0m arn                    = (known after apply)
      [32m+[0m[0m description            = "Allow inbound access to RDS"
      [32m+[0m[0m egress                 = [
          [32m+[0m[0m {
              [32m+[0m[0m cidr_blocks      = [
                  [32m+[0m[0m "0.0.0.0/0",
                ]
              [32m+[0m[0m from_port        = 0
              [32m+[0m[0m ipv6_cidr_blocks = []
              [32m+[0m[0m prefix_list_ids  = []
              [32m+[0m[0m protocol         = "-1"
              [32m+[0m[0m security_groups  = []
              [32m+[0m[0m self             = false
              [32m+[0m[0m to_port          = 0
                [90m# (1 unchanged attribute hidden)[0m[0m
            },
        ]
      [32m+[0m[0m id                     = (known after apply)
      [32m+[0m[0m ingress                = [
          [32m+[0m[0m {
              [32m+[0m[0m cidr_blocks      = [
                  [32m+[0m[0m "0.0.0.0/0",
                ]
              [32m+[0m[0m from_port        = 5432
              [32m+[0m[0m ipv6_cidr_blocks = []
              [32m+[0m[0m prefix_list_ids  = []
              [32m+[0m[0m protocol         = "tcp"
              [32m+[0m[0m security_groups  = []
              [32m+[0m[0m self             = false
              [32m+[0m[0m to_port          = 5432
                [90m# (1 unchanged attribute hidden)[0m[0m
            },
        ]
      [32m+[0m[0m name                   = "statwox-v1-rds-sg"
      [32m+[0m[0m name_prefix            = (known after apply)
      [32m+[0m[0m owner_id               = (known after apply)
      [32m+[0m[0m revoke_rules_on_delete = false
      [32m+[0m[0m tags                   = {
          [32m+[0m[0m "Name" = "statwox-v1-rds-sg"
        }
      [32m+[0m[0m tags_all               = {
          [32m+[0m[0m "CostCenter"  = "FreeTier"
          [32m+[0m[0m "Environment" = "prod"
          [32m+[0m[0m "ManagedBy"   = "Terraform"
          [32m+[0m[0m "Name"        = "statwox-v1-rds-sg"
          [32m+[0m[0m "Owner"       = "v3nd377a_7ecorp"
          [32m+[0m[0m "Project"     = "statwox-v1"
        }
      [32m+[0m[0m vpc_id                 = (known after apply)
    }

[1m  # aws_subnet.public_1[0m will be created
[0m  [32m+[0m[0m resource "aws_subnet" "public_1" {
      [32m+[0m[0m arn                                            = (known after apply)
      [32m+[0m[0m assign_ipv6_address_on_creation                = false
      [32m+[0m[0m availability_zone                              = "us-east-1a"
      [32m+[0m[0m availability_zone_id                           = (known after apply)
      [32m+[0m[0m cidr_block                                     = "10.0.1.0/24"
      [32m+[0m[0m enable_dns64                                   = false
      [32m+[0m[0m enable_resource_name_dns_a_record_on_launch    = false
      [32m+[0m[0m enable_resource_name_dns_aaaa_record_on_launch = false
      [32m+[0m[0m id                                             = (known after apply)
      [32m+[0m[0m ipv6_cidr_block_association_id                 = (known after apply)
      [32m+[0m[0m ipv6_native                                    = false
      [32m+[0m[0m map_public_ip_on_launch                        = true
      [32m+[0m[0m owner_id                                       = (known after apply)
      [32m+[0m[0m private_dns_hostname_type_on_launch            = (known after apply)
      [32m+[0m[0m tags                                           = {
          [32m+[0m[0m "Name" = "statwox-v1-subnet-1"
        }
      [32m+[0m[0m tags_all                                       = {
          [32m+[0m[0m "CostCenter"  = "FreeTier"
          [32m+[0m[0m "Environment" = "prod"
          [32m+[0m[0m "ManagedBy"   = "Terraform"
          [32m+[0m[0m "Name"        = "statwox-v1-subnet-1"
          [32m+[0m[0m "Owner"       = "v3nd377a_7ecorp"
          [32m+[0m[0m "Project"     = "statwox-v1"
        }
      [32m+[0m[0m vpc_id                                         = (known after apply)
    }

[1m  # aws_subnet.public_2[0m will be created
[0m  [32m+[0m[0m resource "aws_subnet" "public_2" {
      [32m+[0m[0m arn                                            = (known after apply)
      [32m+[0m[0m assign_ipv6_address_on_creation                = false
      [32m+[0m[0m availability_zone                              = "us-east-1b"
      [32m+[0m[0m availability_zone_id                           = (known after apply)
      [32m+[0m[0m cidr_block                                     = "10.0.2.0/24"
      [32m+[0m[0m enable_dns64                                   = false
      [32m+[0m[0m enable_resource_name_dns_a_record_on_launch    = false
      [32m+[0m[0m enable_resource_name_dns_aaaa_record_on_launch = false
      [32m+[0m[0m id                                             = (known after apply)
      [32m+[0m[0m ipv6_cidr_block_association_id                 = (known after apply)
      [32m+[0m[0m ipv6_native                                    = false
      [32m+[0m[0m map_public_ip_on_launch                        = true
      [32m+[0m[0m owner_id                                       = (known after apply)
      [32m+[0m[0m private_dns_hostname_type_on_launch            = (known after apply)
      [32m+[0m[0m tags                                           = {
          [32m+[0m[0m "Name" = "statwox-v1-subnet-2"
        }
      [32m+[0m[0m tags_all                                       = {
          [32m+[0m[0m "CostCenter"  = "FreeTier"
          [32m+[0m[0m "Environment" = "prod"
          [32m+[0m[0m "ManagedBy"   = "Terraform"
          [32m+[0m[0m "Name"        = "statwox-v1-subnet-2"
          [32m+[0m[0m "Owner"       = "v3nd377a_7ecorp"
          [32m+[0m[0m "Project"     = "statwox-v1"
        }
      [32m+[0m[0m vpc_id                                         = (known after apply)
    }

[1m  # aws_vpc.main[0m will be created
[0m  [32m+[0m[0m resource "aws_vpc" "main" {
      [32m+[0m[0m arn                                  = (known after apply)
      [32m+[0m[0m cidr_block                           = "10.0.0.0/16"
      [32m+[0m[0m default_network_acl_id               = (known after apply)
      [32m+[0m[0m default_route_table_id               = (known after apply)
      [32m+[0m[0m default_security_group_id            = (known after apply)
      [32m+[0m[0m dhcp_options_id                      = (known after apply)
      [32m+[0m[0m enable_dns_hostnames                 = true
      [32m+[0m[0m enable_dns_support                   = true
      [32m+[0m[0m enable_network_address_usage_metrics = (known after apply)
      [32m+[0m[0m id                                   = (known after apply)
      [32m+[0m[0m instance_tenancy                     = "default"
      [32m+[0m[0m ipv6_association_id                  = (known after apply)
      [32m+[0m[0m ipv6_cidr_block                      = (known after apply)
      [32m+[0m[0m ipv6_cidr_block_network_border_group = (known after apply)
      [32m+[0m[0m main_route_table_id                  = (known after apply)
      [32m+[0m[0m owner_id                             = (known after apply)
      [32m+[0m[0m tags                                 = {
          [32m+[0m[0m "Name" = "statwox-v1-vpc"
        }
      [32m+[0m[0m tags_all                             = {
          [32m+[0m[0m "CostCenter"  = "FreeTier"
          [32m+[0m[0m "Environment" = "prod"
          [32m+[0m[0m "ManagedBy"   = "Terraform"
          [32m+[0m[0m "Name"        = "statwox-v1-vpc"
          [32m+[0m[0m "Owner"       = "v3nd377a_7ecorp"
          [32m+[0m[0m "Project"     = "statwox-v1"
        }
    }

[1m  # random_id.rand[0m will be created
[0m  [32m+[0m[0m resource "random_id" "rand" {
      [32m+[0m[0m b64_std     = (known after apply)
      [32m+[0m[0m b64_url     = (known after apply)
      [32m+[0m[0m byte_length = 3
      [32m+[0m[0m dec         = (known after apply)
      [32m+[0m[0m hex         = (known after apply)
      [32m+[0m[0m id          = (known after apply)
    }

[1mPlan:[0m 59 to add, 0 to change, 0 to destroy.
[0m
Changes to Outputs:
  [32m+[0m[0m api_base_url   = (known after apply)
  [32m+[0m[0m cloudfront_url = (known after apply)
  [32m+[0m[0m db_endpoint    = (known after apply)
  [32m+[0m[0m nameservers    = (known after apply)
  [32m+[0m[0m site_bucket    = (known after apply)
  [32m+[0m[0m site_url       = (known after apply)
  [32m+[0m[0m submit_url     = (known after apply)
[0m[1mrandom_id.rand: Creating...[0m[0m
[0m[1mrandom_id.rand: Creation complete after 0s [id=4qnl][0m
[0m[1maws_acm_certificate.cert: Creating...[0m[0m
[0m[1maws_vpc.main: Creating...[0m[0m
[0m[1maws_cloudfront_origin_access_control.frontend_oac: Creating...[0m[0m
[0m[1maws_route53_zone.main: Creating...[0m[0m
[0m[1maws_apigatewayv2_api.http: Creating...[0m[0m
[0m[1maws_iam_role.lambda_exec: Creating...[0m[0m
[0m[1maws_cloudwatch_metric_alarm.lambda_errors: Creating...[0m[0m
[0m[1maws_cloudwatch_metric_alarm.billing_threshold_small: Creating...[0m[0m
[0m[1maws_s3_bucket.frontend: Creating...[0m[0m
[0m[1maws_cloudfront_origin_access_control.frontend_oac: Creation complete after 9s [id=E23A1MMT2L884N][0m
[0m[1maws_acm_certificate.cert: Still creating... [10s elapsed][0m[0m
[0m[1maws_route53_zone.main: Still creating... [10s elapsed][0m[0m
[0m[1maws_apigatewayv2_api.http: Still creating... [10s elapsed][0m[0m
[0m[1maws_iam_role.lambda_exec: Still creating... [10s elapsed][0m[0m
[0m[1maws_cloudwatch_metric_alarm.lambda_errors: Still creating... [10s elapsed][0m[0m
[0m[1maws_cloudwatch_metric_alarm.billing_threshold_small: Still creating... [10s elapsed][0m[0m
[0m[1maws_s3_bucket.frontend: Still creating... [10s elapsed][0m[0m
[0m[1maws_apigatewayv2_api.http: Creation complete after 15s [id=60d7jdii0c][0m
[0m[1maws_apigatewayv2_stage.prod: Creating...[0m[0m
[0m[1maws_acm_certificate.cert: Still creating... [20s elapsed][0m[0m
[0m[1maws_route53_zone.main: Still creating... [20s elapsed][0m[0m
[0m[1maws_iam_role.lambda_exec: Still creating... [20s elapsed][0m[0m
[0m[1maws_cloudwatch_metric_alarm.lambda_errors: Still creating... [20s elapsed][0m[0m
[0m[1maws_cloudwatch_metric_alarm.billing_threshold_small: Still creating... [20s elapsed][0m[0m
[0m[1maws_s3_bucket.frontend: Still creating... [20s elapsed][0m[0m
[0m[1maws_iam_role.lambda_exec: Creation complete after 25s [id=statwox-v1-lambda-role][0m
[0m[1maws_iam_role_policy_attachment.lambda_logs: Creating...[0m[0m
[0m[1maws_apigatewayv2_stage.prod: Still creating... [10s elapsed][0m[0m
[0m[1maws_acm_certificate.cert: Still creating... [30s elapsed][0m[0m
[0m[1maws_route53_zone.main: Still creating... [30s elapsed][0m[0m
[0m[1maws_cloudwatch_metric_alarm.billing_threshold_small: Still creating... [30s elapsed][0m[0m
[0m[1maws_cloudwatch_metric_alarm.lambda_errors: Still creating... [30s elapsed][0m[0m
[0m[1maws_s3_bucket.frontend: Still creating... [30s elapsed][0m[0m
[0m[1maws_iam_role_policy_attachment.lambda_logs: Still creating... [10s elapsed][0m[0m
[0m[1maws_apigatewayv2_stage.prod: Still creating... [20s elapsed][0m[0m
[0m[1maws_acm_certificate.cert: Still creating... [40s elapsed][0m[0m
[0m[1maws_route53_zone.main: Still creating... [40s elapsed][0m[0m
[0m[1maws_cloudwatch_metric_alarm.billing_threshold_small: Still creating... [40s elapsed][0m[0m
[0m[1maws_cloudwatch_metric_alarm.lambda_errors: Still creating... [40s elapsed][0m[0m
[0m[1maws_s3_bucket.frontend: Still creating... [40s elapsed][0m[0m
[0m[1maws_iam_role_policy_attachment.lambda_logs: Still creating... [20s elapsed][0m[0m
[0m[1maws_apigatewayv2_stage.prod: Still creating... [30s elapsed][0m[0m
[0m[1maws_acm_certificate.cert: Still creating... [50s elapsed][0m[0m
[0m[1maws_route53_zone.main: Still creating... [50s elapsed][0m[0m
[0m[1maws_cloudwatch_metric_alarm.lambda_errors: Still creating... [50s elapsed][0m[0m
[0m[1maws_cloudwatch_metric_alarm.billing_threshold_small: Still creating... [50s elapsed][0m[0m
[0m[1maws_s3_bucket.frontend: Still creating... [50s elapsed][0m[0m
[0m[1maws_iam_role_policy_attachment.lambda_logs: Creation complete after 26s [id=statwox-v1-lambda-role-20260218113230773700000002][0m
[0m[1maws_apigatewayv2_stage.prod: Still creating... [40s elapsed][0m[0m
[0m[1maws_acm_certificate.cert: Still creating... [1m0s elapsed][0m[0m
[0m[1maws_route53_zone.main: Still creating... [1m0s elapsed][0m[0m
[0m[1maws_cloudwatch_metric_alarm.lambda_errors: Still creating... [1m0s elapsed][0m[0m
[0m[1maws_cloudwatch_metric_alarm.billing_threshold_small: Still creating... [1m0s elapsed][0m[0m
[0m[1maws_s3_bucket.frontend: Still creating... [1m0s elapsed][0m[0m
[0m[1maws_apigatewayv2_stage.prod: Still creating... [50s elapsed][0m[0m
[0m[1maws_apigatewayv2_stage.prod: Creation complete after 53s [id=$default][0m
[0m[1maws_acm_certificate.cert: Still creating... [1m10s elapsed][0m[0m
[0m[1maws_route53_zone.main: Still creating... [1m10s elapsed][0m[0m
[0m[1maws_cloudwatch_metric_alarm.billing_threshold_small: Still creating... [1m10s elapsed][0m[0m
[0m[1maws_cloudwatch_metric_alarm.lambda_errors: Still creating... [1m10s elapsed][0m[0m
[0m[1maws_s3_bucket.frontend: Still creating... [1m10s elapsed][0m[0m
[0m[1maws_acm_certificate.cert: Still creating... [1m20s elapsed][0m[0m
[0m[1maws_route53_zone.main: Still creating... [1m20s elapsed][0m[0m
[0m[1maws_cloudwatch_metric_alarm.billing_threshold_small: Still creating... [1m20s elapsed][0m[0m
[0m[1maws_cloudwatch_metric_alarm.lambda_errors: Still creating... [1m20s elapsed][0m[0m
[0m[1maws_s3_bucket.frontend: Still creating... [1m20s elapsed][0m[0m
[0m[1maws_acm_certificate.cert: Still creating... [1m30s elapsed][0m[0m
[0m[1maws_route53_zone.main: Still creating... [1m30s elapsed][0m[0m
[0m[1maws_cloudwatch_metric_alarm.billing_threshold_small: Still creating... [1m30s elapsed][0m[0m
[0m[1maws_cloudwatch_metric_alarm.lambda_errors: Still creating... [1m30s elapsed][0m[0m
[0m[1maws_s3_bucket.frontend: Still creating... [1m30s elapsed][0m[0m
[0m[1maws_acm_certificate.cert: Still creating... [1m40s elapsed][0m[0m
[0m[1maws_route53_zone.main: Still creating... [1m40s elapsed][0m[0m
[0m[1maws_cloudwatch_metric_alarm.billing_threshold_small: Still creating... [1m40s elapsed][0m[0m
[0m[1maws_cloudwatch_metric_alarm.lambda_errors: Still creating... [1m40s elapsed][0m[0m
[0m[1maws_s3_bucket.frontend: Still creating... [1m40s elapsed][0m[0m
[0m[1maws_acm_certificate.cert: Still creating... [1m50s elapsed][0m[0m
[0m[1maws_route53_zone.main: Still creating... [1m50s elapsed][0m[0m
[0m[1maws_cloudwatch_metric_alarm.lambda_errors: Still creating... [1m50s elapsed][0m[0m
[0m[1maws_cloudwatch_metric_alarm.billing_threshold_small: Still creating... [1m50s elapsed][0m[0m
[0m[1maws_s3_bucket.frontend: Still creating... [1m50s elapsed][0m[0m
[0m[1maws_acm_certificate.cert: Still creating... [2m0s elapsed][0m[0m
[0m[1maws_route53_zone.main: Still creating... [2m0s elapsed][0m[0m
[0m[1maws_cloudwatch_metric_alarm.billing_threshold_small: Still creating... [2m0s elapsed][0m[0m
[0m[1maws_cloudwatch_metric_alarm.lambda_errors: Still creating... [2m0s elapsed][0m[0m
[0m[1maws_s3_bucket.frontend: Still creating... [2m0s elapsed][0m[0m
[0m[1maws_acm_certificate.cert: Still creating... [2m10s elapsed][0m[0m
[0m[1maws_route53_zone.main: Still creating... [2m10s elapsed][0m[0m
[0m[1maws_cloudwatch_metric_alarm.billing_threshold_small: Still creating... [2m10s elapsed][0m[0m
[0m[1maws_cloudwatch_metric_alarm.lambda_errors: Still creating... [2m10s elapsed][0m[0m
[0m[1maws_s3_bucket.frontend: Still creating... [2m10s elapsed][0m[0m
[0m[1maws_acm_certificate.cert: Creation complete after 2m14s [id=arn:aws:acm:us-east-1:303946138843:certificate/ec0c7f83-be2f-4565-8cc4-73e64c062a79][0m
[0m[1maws_route53_zone.main: Still creating... [2m20s elapsed][0m[0m
[0m[1maws_cloudwatch_metric_alarm.billing_threshold_small: Still creating... [2m20s elapsed][0m[0m
[0m[1maws_cloudwatch_metric_alarm.lambda_errors: Still creating... [2m20s elapsed][0m[0m
[0m[1maws_s3_bucket.frontend: Still creating... [2m20s elapsed][0m[0m
[0m[1maws_route53_zone.main: Still creating... [2m30s elapsed][0m[0m
[0m[1maws_cloudwatch_metric_alarm.lambda_errors: Still creating... [2m30s elapsed][0m[0m
[0m[1maws_cloudwatch_metric_alarm.billing_threshold_small: Still creating... [2m30s elapsed][0m[0m
[0m[1maws_s3_bucket.frontend: Still creating... [2m30s elapsed][0m[0m
[0m[1maws_route53_zone.main: Still creating... [2m40s elapsed][0m[0m
[0m[1maws_cloudwatch_metric_alarm.lambda_errors: Still creating... [2m40s elapsed][0m[0m
[0m[1maws_cloudwatch_metric_alarm.billing_threshold_small: Still creating... [2m40s elapsed][0m[0m
[0m[1maws_s3_bucket.frontend: Still creating... [2m40s elapsed][0m[0m
[0m[1maws_route53_zone.main: Still creating... [2m50s elapsed][0m[0m
[0m[1maws_cloudwatch_metric_alarm.billing_threshold_small: Still creating... [2m50s elapsed][0m[0m
[0m[1maws_cloudwatch_metric_alarm.lambda_errors: Still creating... [2m50s elapsed][0m[0m
[0m[1maws_s3_bucket.frontend: Still creating... [2m50s elapsed][0m[0m
[0m[1maws_route53_zone.main: Still creating... [3m0s elapsed][0m[0m
[0m[1maws_cloudwatch_metric_alarm.lambda_errors: Still creating... [3m0s elapsed][0m[0m
[0m[1maws_cloudwatch_metric_alarm.billing_threshold_small: Still creating... [3m0s elapsed][0m[0m
[0m[1maws_s3_bucket.frontend: Still creating... [3m0s elapsed][0m[0m
[0m[1maws_route53_zone.main: Still creating... [3m10s elapsed][0m[0m
[0m[1maws_cloudwatch_metric_alarm.lambda_errors: Still creating... [3m10s elapsed][0m[0m
[0m[1maws_cloudwatch_metric_alarm.billing_threshold_small: Still creating... [3m10s elapsed][0m[0m
[0m[1maws_s3_bucket.frontend: Still creating... [3m10s elapsed][0m[0m
[0m[1maws_route53_zone.main: Still creating... [3m20s elapsed][0m[0m
[0m[1maws_cloudwatch_metric_alarm.billing_threshold_small: Still creating... [3m20s elapsed][0m[0m
[0m[1maws_cloudwatch_metric_alarm.lambda_errors: Still creating... [3m20s elapsed][0m[0m
[0m[1maws_s3_bucket.frontend: Still creating... [3m20s elapsed][0m[0m
[0m[1maws_s3_bucket.frontend: Creation complete after 3m27s [id=statwox-v1-survey-e2a9e5][0m
[0m[1maws_s3_bucket_public_access_block.frontend: Creating...[0m[0m
[0m[1maws_s3_bucket_ownership_controls.frontend: Creating...[0m[0m
[0m[1maws_s3_object.frontend_dist["_next/static/chunks/034acec7058afd28.js"]: Creating...[0m[0m
[0m[1maws_s3_object.frontend_dist["_next/static/media/5476f68d60460930-s.c995e352.woff2"]: Creating...[0m[0m
[0m[1maws_s3_object.frontend_dist["_next/static/zGPbzApW-Unq-m140pb7N/_ssgManifest.js"]: Creating...[0m[0m
[0m[1maws_s3_object.frontend_dist["_next/static/media/2bbe8d2671613f1f-s.76dcb0b2.woff2"]: Creating...[0m[0m
[0m[1maws_cloudfront_distribution.frontend_cdn: Creating...[0m[0m
[0m[1maws_route53_zone.main: Still creating... [3m30s elapsed][0m[0m
[0m[1maws_cloudwatch_metric_alarm.billing_threshold_small: Still creating... [3m30s elapsed][0m[0m
[0m[1maws_cloudwatch_metric_alarm.lambda_errors: Still creating... [3m30s elapsed][0m[0m
[0m[1maws_s3_bucket_ownership_controls.frontend: Still creating... [10s elapsed][0m[0m
[0m[1maws_s3_bucket_public_access_block.frontend: Still creating... [10s elapsed][0m[0m
[0m[1maws_s3_object.frontend_dist["_next/static/chunks/034acec7058afd28.js"]: Still creating... [10s elapsed][0m[0m
[0m[1maws_s3_object.frontend_dist["_next/static/media/5476f68d60460930-s.c995e352.woff2"]: Still creating... [10s elapsed][0m[0m
[0m[1maws_s3_object.frontend_dist["_next/static/zGPbzApW-Unq-m140pb7N/_ssgManifest.js"]: Still creating... [10s elapsed][0m[0m
[0m[1maws_s3_object.frontend_dist["_next/static/media/2bbe8d2671613f1f-s.76dcb0b2.woff2"]: Still creating... [10s elapsed][0m[0m
[0m[1maws_cloudfront_distribution.frontend_cdn: Still creating... [10s elapsed][0m[0m
[0m[1maws_route53_zone.main: Still creating... [3m40s elapsed][0m[0m
[0m[1maws_cloudwatch_metric_alarm.lambda_errors: Still creating... [3m40s elapsed][0m[0m
[0m[1maws_cloudwatch_metric_alarm.billing_threshold_small: Still creating... [3m40s elapsed][0m[0m
[0m[1maws_s3_bucket_public_access_block.frontend: Still creating... [20s elapsed][0m[0m
[0m[1maws_s3_bucket_ownership_controls.frontend: Still creating... [20s elapsed][0m[0m
[0m[1maws_s3_object.frontend_dist["_next/static/media/5476f68d60460930-s.c995e352.woff2"]: Still creating... [20s elapsed][0m[0m
[0m[1maws_s3_object.frontend_dist["_next/static/chunks/034acec7058afd28.js"]: Still creating... [20s elapsed][0m[0m
[0m[1maws_s3_object.frontend_dist["_next/static/zGPbzApW-Unq-m140pb7N/_ssgManifest.js"]: Still creating... [20s elapsed][0m[0m
[0m[1maws_s3_object.frontend_dist["_next/static/media/2bbe8d2671613f1f-s.76dcb0b2.woff2"]: Still creating... [20s elapsed][0m[0m
[0m[1maws_cloudfront_distribution.frontend_cdn: Still creating... [20s elapsed][0m[0m
[0m[1maws_route53_zone.main: Still creating... [3m50s elapsed][0m[0m
[0m[1maws_cloudwatch_metric_alarm.lambda_errors: Still creating... [3m50s elapsed][0m[0m
[0m[1maws_cloudwatch_metric_alarm.billing_threshold_small: Still creating... [3m50s elapsed][0m[0m
[0m[1maws_s3_bucket_ownership_controls.frontend: Still creating... [30s elapsed][0m[0m
[0m[1maws_s3_bucket_public_access_block.frontend: Still creating... [30s elapsed][0m[0m
[0m[1maws_s3_object.frontend_dist["_next/static/chunks/034acec7058afd28.js"]: Still creating... [30s elapsed][0m[0m
[0m[1maws_s3_object.frontend_dist["_next/static/media/5476f68d60460930-s.c995e352.woff2"]: Still creating... [30s elapsed][0m[0m
[0m[1maws_s3_object.frontend_dist["_next/static/zGPbzApW-Unq-m140pb7N/_ssgManifest.js"]: Still creating... [30s elapsed][0m[0m
[0m[1maws_s3_object.frontend_dist["_next/static/media/2bbe8d2671613f1f-s.76dcb0b2.woff2"]: Still creating... [30s elapsed][0m[0m
[0m[1maws_cloudfront_distribution.frontend_cdn: Still creating... [30s elapsed][0m[0m
[0m[1maws_route53_zone.main: Still creating... [4m0s elapsed][0m[0m
[0m[1maws_cloudwatch_metric_alarm.lambda_errors: Still creating... [4m0s elapsed][0m[0m
[0m[1maws_cloudwatch_metric_alarm.billing_threshold_small: Still creating... [4m0s elapsed][0m[0m
[0m[1maws_s3_bucket_public_access_block.frontend: Still creating... [40s elapsed][0m[0m
[0m[1maws_s3_bucket_ownership_controls.frontend: Still creating... [40s elapsed][0m[0m
[0m[1maws_s3_object.frontend_dist["_next/static/media/5476f68d60460930-s.c995e352.woff2"]: Still creating... [40s elapsed][0m[0m
[0m[1maws_s3_object.frontend_dist["_next/static/chunks/034acec7058afd28.js"]: Still creating... [40s elapsed][0m[0m
[0m[1maws_s3_object.frontend_dist["_next/static/zGPbzApW-Unq-m140pb7N/_ssgManifest.js"]: Still creating... [40s elapsed][0m[0m
[0m[1maws_s3_object.frontend_dist["_next/static/media/2bbe8d2671613f1f-s.76dcb0b2.woff2"]: Still creating... [40s elapsed][0m[0m
[0m[1maws_cloudfront_distribution.frontend_cdn: Still creating... [40s elapsed][0m[0m
[0m[1maws_route53_zone.main: Still creating... [4m10s elapsed][0m[0m
[0m[1maws_cloudwatch_metric_alarm.billing_threshold_small: Still creating... [4m10s elapsed][0m[0m
[0m[1maws_cloudwatch_metric_alarm.lambda_errors: Still creating... [4m10s elapsed][0m[0m
[0m[1maws_s3_bucket_public_access_block.frontend: Still creating... [50s elapsed][0m[0m
[0m[1maws_s3_bucket_ownership_controls.frontend: Still creating... [50s elapsed][0m[0m
[0m[1maws_s3_object.frontend_dist["_next/static/chunks/034acec7058afd28.js"]: Still creating... [50s elapsed][0m[0m
[0m[1maws_s3_object.frontend_dist["_next/static/media/5476f68d60460930-s.c995e352.woff2"]: Still creating... [50s elapsed][0m[0m
[0m[1maws_s3_object.frontend_dist["_next/static/zGPbzApW-Unq-m140pb7N/_ssgManifest.js"]: Still creating... [50s elapsed][0m[0m
[0m[1maws_s3_object.frontend_dist["_next/static/media/2bbe8d2671613f1f-s.76dcb0b2.woff2"]: Still creating... [50s elapsed][0m[0m
[0m[1maws_cloudfront_distribution.frontend_cdn: Still creating... [50s elapsed][0m[0m
[0m[1maws_route53_zone.main: Still creating... [4m20s elapsed][0m[0m
[0m[1maws_cloudwatch_metric_alarm.lambda_errors: Still creating... [4m20s elapsed][0m[0m
[0m[1maws_cloudwatch_metric_alarm.billing_threshold_small: Still creating... [4m20s elapsed][0m[0m
[0m[1maws_s3_bucket_public_access_block.frontend: Still creating... [1m0s elapsed][0m[0m
[0m[1maws_s3_bucket_ownership_controls.frontend: Still creating... [1m0s elapsed][0m[0m
[0m[1maws_s3_object.frontend_dist["_next/static/chunks/034acec7058afd28.js"]: Still creating... [1m0s elapsed][0m[0m
[0m[1maws_s3_object.frontend_dist["_next/static/media/5476f68d60460930-s.c995e352.woff2"]: Still creating... [1m0s elapsed][0m[0m
[0m[1maws_s3_object.frontend_dist["_next/static/zGPbzApW-Unq-m140pb7N/_ssgManifest.js"]: Still creating... [1m0s elapsed][0m[0m
[0m[1maws_s3_object.frontend_dist["_next/static/media/2bbe8d2671613f1f-s.76dcb0b2.woff2"]: Still creating... [1m0s elapsed][0m[0m
[0m[1maws_cloudfront_distribution.frontend_cdn: Still creating... [1m0s elapsed][0m[0m
[0m[1maws_route53_zone.main: Still creating... [4m30s elapsed][0m[0m
[0m[1maws_cloudwatch_metric_alarm.billing_threshold_small: Still creating... [4m30s elapsed][0m[0m
[0m[1maws_cloudwatch_metric_alarm.lambda_errors: Still creating... [4m30s elapsed][0m[0m
[0m[1maws_s3_bucket_public_access_block.frontend: Still creating... [1m10s elapsed][0m[0m
[0m[1maws_s3_bucket_ownership_controls.frontend: Still creating... [1m10s elapsed][0m[0m
[0m[1maws_s3_object.frontend_dist["_next/static/chunks/034acec7058afd28.js"]: Still creating... [1m10s elapsed][0m[0m
[0m[1maws_s3_object.frontend_dist["_next/static/media/5476f68d60460930-s.c995e352.woff2"]: Still creating... [1m10s elapsed][0m[0m
[0m[1maws_s3_object.frontend_dist["_next/static/zGPbzApW-Unq-m140pb7N/_ssgManifest.js"]: Still creating... [1m10s elapsed][0m[0m
[0m[1maws_s3_object.frontend_dist["_next/static/media/2bbe8d2671613f1f-s.76dcb0b2.woff2"]: Still creating... [1m10s elapsed][0m[0m
[0m[1maws_cloudfront_distribution.frontend_cdn: Still creating... [1m10s elapsed][0m[0m
[0m[1maws_route53_zone.main: Still creating... [4m40s elapsed][0m[0m
[0m[1maws_cloudwatch_metric_alarm.billing_threshold_small: Still creating... [4m40s elapsed][0m[0m
[0m[1maws_cloudwatch_metric_alarm.lambda_errors: Still creating... [4m40s elapsed][0m[0m
[0m[1maws_s3_bucket_public_access_block.frontend: Still creating... [1m20s elapsed][0m[0m
[0m[1maws_s3_bucket_ownership_controls.frontend: Still creating... [1m20s elapsed][0m[0m
[0m[1maws_s3_object.frontend_dist["_next/static/chunks/034acec7058afd28.js"]: Still creating... [1m20s elapsed][0m[0m
[0m[1maws_s3_object.frontend_dist["_next/static/media/5476f68d60460930-s.c995e352.woff2"]: Still creating... [1m20s elapsed][0m[0m
[0m[1maws_s3_object.frontend_dist["_next/static/zGPbzApW-Unq-m140pb7N/_ssgManifest.js"]: Still creating... [1m20s elapsed][0m[0m
[0m[1maws_s3_object.frontend_dist["_next/static/media/2bbe8d2671613f1f-s.76dcb0b2.woff2"]: Still creating... [1m20s elapsed][0m[0m
[0m[1maws_cloudfront_distribution.frontend_cdn: Still creating... [1m20s elapsed][0m[0m
[0m[1maws_route53_zone.main: Still creating... [4m50s elapsed][0m[0m
[0m[1maws_cloudwatch_metric_alarm.lambda_errors: Still creating... [4m50s elapsed][0m[0m
[0m[1maws_cloudwatch_metric_alarm.billing_threshold_small: Still creating... [4m50s elapsed][0m[0m
[0m[1maws_s3_bucket_public_access_block.frontend: Still creating... [1m30s elapsed][0m[0m
[0m[1maws_s3_bucket_ownership_controls.frontend: Still creating... [1m30s elapsed][0m[0m
[0m[1maws_s3_object.frontend_dist["_next/static/media/5476f68d60460930-s.c995e352.woff2"]: Still creating... [1m30s elapsed][0m[0m
[0m[1maws_s3_object.frontend_dist["_next/static/chunks/034acec7058afd28.js"]: Still creating... [1m30s elapsed][0m[0m
[0m[1maws_s3_object.frontend_dist["_next/static/zGPbzApW-Unq-m140pb7N/_ssgManifest.js"]: Still creating... [1m30s elapsed][0m[0m
[0m[1maws_s3_object.frontend_dist["_next/static/media/2bbe8d2671613f1f-s.76dcb0b2.woff2"]: Still creating... [1m30s elapsed][0m[0m
[0m[1maws_cloudfront_distribution.frontend_cdn: Still creating... [1m30s elapsed][0m[0m
[0m[1maws_route53_zone.main: Still creating... [5m0s elapsed][0m[0m
[0m[1maws_cloudwatch_metric_alarm.billing_threshold_small: Still creating... [5m0s elapsed][0m[0m
[0m[1maws_cloudwatch_metric_alarm.lambda_errors: Still creating... [5m0s elapsed][0m[0m
[0m[1maws_s3_bucket_ownership_controls.frontend: Still creating... [1m40s elapsed][0m[0m
[0m[1maws_s3_bucket_public_access_block.frontend: Still creating... [1m40s elapsed][0m[0m
[0m[1maws_s3_object.frontend_dist["_next/static/media/5476f68d60460930-s.c995e352.woff2"]: Still creating... [1m40s elapsed][0m[0m
[0m[1maws_s3_object.frontend_dist["_next/static/chunks/034acec7058afd28.js"]: Still creating... [1m40s elapsed][0m[0m
[0m[1maws_s3_object.frontend_dist["_next/static/zGPbzApW-Unq-m140pb7N/_ssgManifest.js"]: Still creating... [1m40s elapsed][0m[0m
[0m[1maws_s3_object.frontend_dist["_next/static/media/2bbe8d2671613f1f-s.76dcb0b2.woff2"]: Still creating... [1m40s elapsed][0m[0m
[0m[1maws_cloudfront_distribution.frontend_cdn: Still creating... [1m40s elapsed][0m[0m
[0m[1maws_route53_zone.main: Still creating... [5m10s elapsed][0m[0m
[0m[1maws_cloudwatch_metric_alarm.lambda_errors: Still creating... [5m10s elapsed][0m[0m
[0m[1maws_cloudwatch_metric_alarm.billing_threshold_small: Still creating... [5m10s elapsed][0m[0m
[0m[1maws_s3_bucket_public_access_block.frontend: Still creating... [1m50s elapsed][0m[0m
[0m[1maws_s3_bucket_ownership_controls.frontend: Still creating... [1m50s elapsed][0m[0m
[0m[1maws_s3_object.frontend_dist["_next/static/chunks/034acec7058afd28.js"]: Still creating... [1m50s elapsed][0m[0m
[0m[1maws_s3_object.frontend_dist["_next/static/media/5476f68d60460930-s.c995e352.woff2"]: Still creating... [1m50s elapsed][0m[0m
[0m[1maws_s3_object.frontend_dist["_next/static/zGPbzApW-Unq-m140pb7N/_ssgManifest.js"]: Still creating... [1m50s elapsed][0m[0m
[0m[1maws_s3_object.frontend_dist["_next/static/media/2bbe8d2671613f1f-s.76dcb0b2.woff2"]: Still creating... [1m50s elapsed][0m[0m
[0m[1maws_cloudfront_distribution.frontend_cdn: Still creating... [1m50s elapsed][0m[0m
[0m[1maws_route53_zone.main: Still creating... [5m20s elapsed][0m[0m
[0m[1maws_cloudwatch_metric_alarm.billing_threshold_small: Still creating... [5m20s elapsed][0m[0m
[0m[1maws_cloudwatch_metric_alarm.lambda_errors: Still creating... [5m20s elapsed][0m[0m
[0m[1maws_s3_bucket_ownership_controls.frontend: Still creating... [2m0s elapsed][0m[0m
[0m[1maws_s3_bucket_public_access_block.frontend: Still creating... [2m0s elapsed][0m[0m
[0m[1maws_s3_object.frontend_dist["_next/static/chunks/034acec7058afd28.js"]: Still creating... [2m0s elapsed][0m[0m
[0m[1maws_s3_object.frontend_dist["_next/static/media/5476f68d60460930-s.c995e352.woff2"]: Still creating... [2m0s elapsed][0m[0m
[0m[1maws_s3_object.frontend_dist["_next/static/zGPbzApW-Unq-m140pb7N/_ssgManifest.js"]: Still creating... [2m0s elapsed][0m[0m
[0m[1maws_s3_object.frontend_dist["_next/static/media/2bbe8d2671613f1f-s.76dcb0b2.woff2"]: Still creating... [2m0s elapsed][0m[0m
[0m[1maws_cloudfront_distribution.frontend_cdn: Still creating... [2m0s elapsed][0m[0m
[0m[1maws_route53_zone.main: Still creating... [5m30s elapsed][0m[0m
[0m[1maws_cloudwatch_metric_alarm.lambda_errors: Still creating... [5m30s elapsed][0m[0m
[0m[1maws_cloudwatch_metric_alarm.billing_threshold_small: Still creating... [5m30s elapsed][0m[0m
[0m[1maws_s3_bucket_public_access_block.frontend: Still creating... [2m10s elapsed][0m[0m
[0m[1maws_s3_bucket_ownership_controls.frontend: Still creating... [2m10s elapsed][0m[0m
[0m[1maws_s3_object.frontend_dist["_next/static/media/5476f68d60460930-s.c995e352.woff2"]: Still creating... [2m10s elapsed][0m[0m
[0m[1maws_s3_object.frontend_dist["_next/static/chunks/034acec7058afd28.js"]: Still creating... [2m10s elapsed][0m[0m
[0m[1maws_s3_object.frontend_dist["_next/static/zGPbzApW-Unq-m140pb7N/_ssgManifest.js"]: Still creating... [2m10s elapsed][0m[0m
[0m[1maws_s3_object.frontend_dist["_next/static/media/2bbe8d2671613f1f-s.76dcb0b2.woff2"]: Still creating... [2m10s elapsed][0m[0m
[0m[1maws_cloudfront_distribution.frontend_cdn: Still creating... [2m10s elapsed][0m[0m
[0m[1maws_route53_zone.main: Still creating... [5m40s elapsed][0m[0m
[0m[1maws_cloudwatch_metric_alarm.billing_threshold_small: Still creating... [5m40s elapsed][0m[0m
[0m[1maws_cloudwatch_metric_alarm.lambda_errors: Still creating... [5m40s elapsed][0m[0m
[0m[1maws_s3_bucket_ownership_controls.frontend: Still creating... [2m20s elapsed][0m[0m
[0m[1maws_s3_bucket_public_access_block.frontend: Still creating... [2m20s elapsed][0m[0m
[0m[1maws_s3_object.frontend_dist["_next/static/chunks/034acec7058afd28.js"]: Still creating... [2m20s elapsed][0m[0m
[0m[1maws_s3_object.frontend_dist["_next/static/media/5476f68d60460930-s.c995e352.woff2"]: Still creating... [2m20s elapsed][0m[0m
[0m[1maws_s3_object.frontend_dist["_next/static/zGPbzApW-Unq-m140pb7N/_ssgManifest.js"]: Still creating... [2m20s elapsed][0m[0m
[0m[1maws_s3_object.frontend_dist["_next/static/media/2bbe8d2671613f1f-s.76dcb0b2.woff2"]: Still creating... [2m20s elapsed][0m[0m
[0m[1maws_cloudfront_distribution.frontend_cdn: Still creating... [2m20s elapsed][0m[0m
[0m[1maws_route53_zone.main: Still creating... [5m50s elapsed][0m[0m
[0m[1maws_cloudwatch_metric_alarm.billing_threshold_small: Still creating... [5m50s elapsed][0m[0m
[0m[1maws_cloudwatch_metric_alarm.lambda_errors: Still creating... [5m50s elapsed][0m[0m
[0m[1maws_s3_object.frontend_dist["globe.svg"]: Creating...[0m[0m
[0m[1maws_s3_bucket_ownership_controls.frontend: Creation complete after 2m30s [id=statwox-v1-survey-e2a9e5][0m
[0m[1maws_s3_object.frontend_dist["_next/static/chunks/f2f58a7e93290fbb.js"]: Creating...[0m[0m
[0m[1maws_s3_bucket_public_access_block.frontend: Still creating... [2m30s elapsed][0m[0m
[0m[1maws_s3_object.frontend_dist["_next/static/chunks/034acec7058afd28.js"]: Still creating... [2m30s elapsed][0m[0m
[0m[1maws_s3_object.frontend_dist["_next/static/media/5476f68d60460930-s.c995e352.woff2"]: Still creating... [2m30s elapsed][0m[0m
[0m[1maws_s3_object.frontend_dist["_next/static/zGPbzApW-Unq-m140pb7N/_ssgManifest.js"]: Still creating... [2m30s elapsed][0m[0m
[0m[1maws_s3_object.frontend_dist["_next/static/media/2bbe8d2671613f1f-s.76dcb0b2.woff2"]: Still creating... [2m30s elapsed][0m[0m
[0m[1maws_route53_zone.main: Still creating... [6m0s elapsed][0m[0m
[0m[1maws_cloudwatch_metric_alarm.billing_threshold_small: Still creating... [6m0s elapsed][0m[0m
[0m[1maws_cloudwatch_metric_alarm.lambda_errors: Still creating... [6m0s elapsed][0m[0m
[0m[1maws_s3_object.frontend_dist["globe.svg"]: Creation complete after 7s [id=globe.svg][0m
[0m[1maws_s3_object.frontend_dist["_next/static/zGPbzApW-Unq-m140pb7N/_clientMiddlewareManifest.json"]: Creating...[0m[0m
[0m[1maws_s3_object.frontend_dist["_next/static/zGPbzApW-Unq-m140pb7N/_ssgManifest.js"]: Creation complete after 2m37s [id=_next/static/zGPbzApW-Unq-m140pb7N/_ssgManifest.js][0m
[0m[1maws_s3_object.frontend_dist["_next/static/chunks/a6dad97d9634a72d.js.map"]: Creating...[0m[0m
[0m[1maws_s3_object.frontend_dist["_next/static/chunks/f2f58a7e93290fbb.js"]: Still creating... [10s elapsed][0m[0m
[0m[1maws_s3_bucket_public_access_block.frontend: Still creating... [2m40s elapsed][0m[0m
[0m[1maws_s3_object.frontend_dist["_next/static/chunks/034acec7058afd28.js"]: Still creating... [2m40s elapsed][0m[0m
[0m[1maws_s3_object.frontend_dist["_next/static/media/5476f68d60460930-s.c995e352.woff2"]: Still creating... [2m40s elapsed][0m[0m
[0m[1maws_s3_object.frontend_dist["_next/static/media/2bbe8d2671613f1f-s.76dcb0b2.woff2"]: Still creating... [2m40s elapsed][0m[0m
[0m[1maws_s3_bucket_public_access_block.frontend: Creation complete after 2m42s [id=statwox-v1-survey-e2a9e5][0m
[0m[1maws_s3_object.frontend_dist["_next/static/media/9c72aa0f40e4eef8-s.18a48cbc.woff2"]: Creating...[0m[0m
[0m[1maws_route53_zone.main: Still creating... [6m10s elapsed][0m[0m
[0m[1maws_cloudwatch_metric_alarm.lambda_errors: Still creating... [6m10s elapsed][0m[0m
[0m[1maws_cloudwatch_metric_alarm.billing_threshold_small: Still creating... [6m10s elapsed][0m[0m
[0m[1maws_s3_object.frontend_dist["_next/static/zGPbzApW-Unq-m140pb7N/_clientMiddlewareManifest.json"]: Still creating... [10s elapsed][0m[0m
[0m[1maws_s3_object.frontend_dist["_next/static/chunks/a6dad97d9634a72d.js.map"]: Still creating... [10s elapsed][0m[0m
[0m[1maws_s3_object.frontend_dist["_next/static/chunks/f2f58a7e93290fbb.js"]: Still creating... [20s elapsed][0m[0m
[0m[1maws_s3_object.frontend_dist["_next/static/chunks/034acec7058afd28.js"]: Still creating... [2m50s elapsed][0m[0m
[0m[1maws_s3_object.frontend_dist["_next/static/media/5476f68d60460930-s.c995e352.woff2"]: Still creating... [2m50s elapsed][0m[0m
[0m[1maws_s3_object.frontend_dist["_next/static/media/2bbe8d2671613f1f-s.76dcb0b2.woff2"]: Still creating... [2m50s elapsed][0m[0m
[0m[1maws_s3_object.frontend_dist["_next/static/media/9c72aa0f40e4eef8-s.18a48cbc.woff2"]: Still creating... [10s elapsed][0m[0m
[0m[1maws_route53_zone.main: Still creating... [6m20s elapsed][0m[0m
[0m[1maws_cloudwatch_metric_alarm.billing_threshold_small: Still creating... [6m20s elapsed][0m[0m
[0m[1maws_cloudwatch_metric_alarm.lambda_errors: Still creating... [6m20s elapsed][0m[0m
[0m[1maws_s3_object.frontend_dist["_next/static/zGPbzApW-Unq-m140pb7N/_clientMiddlewareManifest.json"]: Still creating... [20s elapsed][0m[0m
[0m[1maws_s3_object.frontend_dist["_next/static/chunks/a6dad97d9634a72d.js.map"]: Still creating... [20s elapsed][0m[0m
[0m[1maws_s3_object.frontend_dist["_next/static/chunks/f2f58a7e93290fbb.js"]: Still creating... [30s elapsed][0m[0m
[0m[1maws_s3_object.frontend_dist["_next/static/chunks/034acec7058afd28.js"]: Still creating... [3m0s elapsed][0m[0m
[0m[1maws_s3_object.frontend_dist["_next/static/media/5476f68d60460930-s.c995e352.woff2"]: Still creating... [3m0s elapsed][0m[0m
[0m[1maws_s3_object.frontend_dist["_next/static/media/2bbe8d2671613f1f-s.76dcb0b2.woff2"]: Still creating... [3m0s elapsed][0m[0m
[0m[1maws_s3_object.frontend_dist["_next/static/media/9c72aa0f40e4eef8-s.18a48cbc.woff2"]: Still creating... [20s elapsed][0m[0m
[0m[1maws_s3_object.frontend_dist["_next/static/zGPbzApW-Unq-m140pb7N/_clientMiddlewareManifest.json"]: Creation complete after 28s [id=_next/static/zGPbzApW-Unq-m140pb7N/_clientMiddlewareManifest.json][0m
[0m[1maws_s3_object.frontend_dist["_next/static/chunks/a6dad97d9634a72d.js"]: Creating...[0m[0m
[0m[1maws_route53_zone.main: Still creating... [6m30s elapsed][0m[0m
[0m[1maws_cloudwatch_metric_alarm.billing_threshold_small: Still creating... [6m30s elapsed][0m[0m
[0m[1maws_cloudwatch_metric_alarm.lambda_errors: Still creating... [6m30s elapsed][0m[0m
[0m[1maws_s3_object.frontend_dist["_next/static/chunks/034acec7058afd28.js"]: Creation complete after 3m3s [id=_next/static/chunks/034acec7058afd28.js][0m
[0m[1maws_s3_object.frontend_dist["_next/static/media/2c55a0e60120577a-s.2a48534a.woff2"]: Creating...[0m[0m
[0m[1maws_s3_object.frontend_dist["_next/static/media/5476f68d60460930-s.c995e352.woff2"]: Creation complete after 3m5s [id=_next/static/media/5476f68d60460930-s.c995e352.woff2][0m
[0m[1maws_s3_object.frontend_dist["_next/static/chunks/a6dad97d9634a72d.js.map"]: Creation complete after 28s [id=_next/static/chunks/a6dad97d9634a72d.js.map][0m
[0m[1maws_s3_object.frontend_dist["file.svg"]: Creating...[0m[0m
[0m[1maws_s3_object.frontend_dist["_next/static/chunks/1627bf2f54f2038d.js"]: Creating...[0m[0m
[0m[1maws_s3_object.frontend_dist["_next/static/media/2bbe8d2671613f1f-s.76dcb0b2.woff2"]: Creation complete after 3m5s [id=_next/static/media/2bbe8d2671613f1f-s.76dcb0b2.woff2][0m
[0m[1maws_s3_object.frontend_dist["_next/static/media/ad66f9afd8947f86-s.7a40eb73.woff2"]: Creating...[0m[0m
[0m[1maws_s3_object.frontend_dist["_next/static/chunks/a6dad97d9634a72d.js"]: Creation complete after 3s [id=_next/static/chunks/a6dad97d9634a72d.js][0m
[0m[1maws_s3_object.frontend_dist["_next/static/zGPbzApW-Unq-m140pb7N/_buildManifest.js"]: Creating...[0m[0m
[0m[1maws_s3_object.frontend_dist["_next/static/media/2c55a0e60120577a-s.2a48534a.woff2"]: Creation complete after 3s [id=_next/static/media/2c55a0e60120577a-s.2a48534a.woff2][0m
[0m[1maws_s3_object.frontend_dist["_next/static/chunks/f2f58a7e93290fbb.js"]: Creation complete after 36s [id=_next/static/chunks/f2f58a7e93290fbb.js][0m
[0m[1maws_s3_object.frontend_dist["_next/static/media/9c72aa0f40e4eef8-s.18a48cbc.woff2"]: Creation complete after 24s [id=_next/static/media/9c72aa0f40e4eef8-s.18a48cbc.woff2][0m
[0m[1maws_s3_object.frontend_dist["next.svg"]: Creating...[0m[0m
[0m[1maws_s3_object.frontend_dist["_next/static/chunks/e6dd030cd2ef21f5.js"]: Creating...[0m[0m
[0m[1maws_s3_object.frontend_dist["_next/static/media/83afe278b6a6bb3c-s.p.3a6ba036.woff2"]: Creating...[0m[0m
[0m[1maws_s3_object.frontend_dist["file.svg"]: Creation complete after 1s [id=file.svg][0m
[0m[1maws_s3_object.frontend_dist["_next/static/chunks/1627bf2f54f2038d.js"]: Creation complete after 1s [id=_next/static/chunks/1627bf2f54f2038d.js][0m
[0m[1maws_s3_object.frontend_dist["_next/static/chunks/b4db841e7e77ba2e.js"]: Creating...[0m[0m
[0m[1maws_s3_object.frontend_dist["_next/static/media/1bffadaabf893a1e-s.7cd81963.woff2"]: Creating...[0m[0m
[0m[1maws_s3_object.frontend_dist["_next/static/media/ad66f9afd8947f86-s.7a40eb73.woff2"]: Creation complete after 1s [id=_next/static/media/ad66f9afd8947f86-s.7a40eb73.woff2][0m
[0m[1maws_s3_object.frontend_dist["_next/static/chunks/2f236954d6a65e12.js"]: Creating...[0m[0m
[0m[1maws_s3_object.frontend_dist["_next/static/zGPbzApW-Unq-m140pb7N/_buildManifest.js"]: Creation complete after 1s [id=_next/static/zGPbzApW-Unq-m140pb7N/_buildManifest.js][0m
[0m[1maws_s3_object.frontend_dist["_next/static/chunks/03e79d61351a1f74.js"]: Creating...[0m[0m
[0m[1maws_s3_object.frontend_dist["next.svg"]: Creation complete after 1s [id=next.svg][0m
[0m[1maws_s3_object.frontend_dist["_next/static/chunks/turbopack-6b1e6c49c3c34a02.js"]: Creating...[0m[0m
[0m[1maws_s3_object.frontend_dist["_next/static/media/83afe278b6a6bb3c-s.p.3a6ba036.woff2"]: Creation complete after 1s [id=_next/static/media/83afe278b6a6bb3c-s.p.3a6ba036.woff2][0m
[0m[1maws_s3_object.frontend_dist["_next/static/chunks/b4db841e7e77ba2e.js"]: Creation complete after 1s [id=_next/static/chunks/b4db841e7e77ba2e.js][0m
[0m[1maws_s3_object.frontend_dist["_next/static/media/favicon.0b3bf435.ico"]: Creating...[0m[0m
[0m[1maws_s3_object.frontend_dist["_next/static/chunks/d9dfa1eb51a8a928.css"]: Creating...[0m[0m
[0m[1maws_s3_object.frontend_dist["_next/static/chunks/2f236954d6a65e12.js"]: Creation complete after 1s [id=_next/static/chunks/2f236954d6a65e12.js][0m
[0m[1maws_s3_object.frontend_dist["_next/static/chunks/ce480d832353d7ae.js"]: Creating...[0m[0m
[0m[1maws_s3_object.frontend_dist["_next/static/chunks/03e79d61351a1f74.js"]: Creation complete after 2s [id=_next/static/chunks/03e79d61351a1f74.js][0m
[0m[1maws_s3_object.frontend_dist["_next/static/chunks/turbopack-6b1e6c49c3c34a02.js"]: Creation complete after 1s [id=_next/static/chunks/turbopack-6b1e6c49c3c34a02.js][0m
[0m[1maws_s3_object.frontend_dist["_next/static/chunks/d9dfa1eb51a8a928.css"]: Creation complete after 2s [id=_next/static/chunks/d9dfa1eb51a8a928.css][0m
[0m[1maws_s3_object.frontend_dist["_next/static/chunks/ce480d832353d7ae.js"]: Creation complete after 2s [id=_next/static/chunks/ce480d832353d7ae.js][0m
[0m[1maws_s3_object.frontend_dist["_next/static/media/favicon.0b3bf435.ico"]: Creation complete after 2s [id=_next/static/media/favicon.0b3bf435.ico][0m
[0m[1maws_s3_object.frontend_dist["_next/static/chunks/e6dd030cd2ef21f5.js"]: Creation complete after 3s [id=_next/static/chunks/e6dd030cd2ef21f5.js][0m
[0m[1maws_s3_object.frontend_dist["_next/static/media/1bffadaabf893a1e-s.7cd81963.woff2"]: Creation complete after 4s [id=_next/static/media/1bffadaabf893a1e-s.7cd81963.woff2][0m
[0m[1maws_route53_zone.main: Still creating... [6m40s elapsed][0m[0m
[0m[1maws_cloudwatch_metric_alarm.lambda_errors: Still creating... [6m40s elapsed][0m[0m
[0m[1maws_cloudwatch_metric_alarm.billing_threshold_small: Still creating... [6m40s elapsed][0m[0m
[0m[1maws_route53_zone.main: Still creating... [6m50s elapsed][0m[0m
[0m[1maws_cloudwatch_metric_alarm.lambda_errors: Still creating... [6m50s elapsed][0m[0m
[0m[1maws_cloudwatch_metric_alarm.billing_threshold_small: Still creating... [6m50s elapsed][0m[0m
[0m[1maws_route53_zone.main: Still creating... [7m0s elapsed][0m[0m
[0m[1maws_cloudwatch_metric_alarm.lambda_errors: Still creating... [7m0s elapsed][0m[0m
[0m[1maws_cloudwatch_metric_alarm.billing_threshold_small: Still creating... [7m0s elapsed][0m[0m
[0m[1maws_route53_zone.main: Still creating... [7m10s elapsed][0m[0m
[0m[1maws_cloudwatch_metric_alarm.billing_threshold_small: Still creating... [7m10s elapsed][0m[0m
[0m[1maws_cloudwatch_metric_alarm.lambda_errors: Still creating... [7m10s elapsed][0m[0m
[0m[1maws_route53_zone.main: Still creating... [7m20s elapsed][0m[0m
[0m[1maws_cloudwatch_metric_alarm.lambda_errors: Still creating... [7m20s elapsed][0m[0m
[0m[1maws_cloudwatch_metric_alarm.billing_threshold_small: Still creating... [7m20s elapsed][0m[0m
[0m[1maws_route53_zone.main: Still creating... [7m30s elapsed][0m[0m
[0m[1maws_cloudwatch_metric_alarm.lambda_errors: Still creating... [7m30s elapsed][0m[0m
[0m[1maws_cloudwatch_metric_alarm.billing_threshold_small: Still creating... [7m30s elapsed][0m[0m
[0m[1maws_route53_zone.main: Still creating... [7m40s elapsed][0m[0m
[0m[1maws_cloudwatch_metric_alarm.billing_threshold_small: Still creating... [7m40s elapsed][0m[0m
[0m[1maws_cloudwatch_metric_alarm.lambda_errors: Still creating... [7m40s elapsed][0m[0m
[0m[1maws_route53_zone.main: Still creating... [7m50s elapsed][0m[0m
[0m[1maws_cloudwatch_metric_alarm.billing_threshold_small: Still creating... [7m50s elapsed][0m[0m
[0m[1maws_cloudwatch_metric_alarm.lambda_errors: Still creating... [7m50s elapsed][0m[0m
[0m[1maws_route53_zone.main: Still creating... [8m0s elapsed][0m[0m
[0m[1maws_cloudwatch_metric_alarm.billing_threshold_small: Still creating... [8m0s elapsed][0m[0m
[0m[1maws_cloudwatch_metric_alarm.lambda_errors: Still creating... [8m0s elapsed][0m[0m
[0m[1maws_route53_zone.main: Still creating... [8m10s elapsed][0m[0m
[0m[1maws_cloudwatch_metric_alarm.billing_threshold_small: Still creating... [8m10s elapsed][0m[0m
[0m[1maws_cloudwatch_metric_alarm.lambda_errors: Still creating... [8m10s elapsed][0m[0m
[0m[1maws_route53_zone.main: Still creating... [8m20s elapsed][0m[0m
[0m[1maws_cloudwatch_metric_alarm.billing_threshold_small: Still creating... [8m20s elapsed][0m[0m
[0m[1maws_cloudwatch_metric_alarm.lambda_errors: Still creating... [8m20s elapsed][0m[0m
[0m[1maws_route53_zone.main: Still creating... [8m30s elapsed][0m[0m
[0m[1maws_cloudwatch_metric_alarm.billing_threshold_small: Still creating... [8m30s elapsed][0m[0m
[0m[1maws_cloudwatch_metric_alarm.lambda_errors: Still creating... [8m30s elapsed][0m[0m
[0m[1maws_route53_zone.main: Still creating... [8m40s elapsed][0m[0m
[0m[1maws_cloudwatch_metric_alarm.lambda_errors: Still creating... [8m40s elapsed][0m[0m
[0m[1maws_cloudwatch_metric_alarm.billing_threshold_small: Still creating... [8m40s elapsed][0m[0m
[0m[1maws_route53_zone.main: Still creating... [8m50s elapsed][0m[0m
[0m[1maws_cloudwatch_metric_alarm.lambda_errors: Still creating... [8m50s elapsed][0m[0m
[0m[1maws_cloudwatch_metric_alarm.billing_threshold_small: Still creating... [8m50s elapsed][0m[0m
[0m[1maws_route53_zone.main: Still creating... [9m0s elapsed][0m[0m
[0m[1maws_cloudwatch_metric_alarm.billing_threshold_small: Still creating... [9m0s elapsed][0m[0m
[0m[1maws_cloudwatch_metric_alarm.lambda_errors: Still creating... [9m0s elapsed][0m[0m
[0m[1maws_route53_zone.main: Still creating... [9m10s elapsed][0m[0m
[0m[1maws_cloudwatch_metric_alarm.lambda_errors: Still creating... [9m10s elapsed][0m[0m
[0m[1maws_cloudwatch_metric_alarm.billing_threshold_small: Still creating... [9m10s elapsed][0m[0m
[0m[1maws_route53_zone.main: Still creating... [9m20s elapsed][0m[0m
[0m[1maws_cloudwatch_metric_alarm.billing_threshold_small: Still creating... [9m20s elapsed][0m[0m
[0m[1maws_cloudwatch_metric_alarm.lambda_errors: Still creating... [9m20s elapsed][0m[0m
[0m[1maws_cloudwatch_metric_alarm.lambda_errors: Creation complete after 9m21s [id=statwox-v1-lambda-errors][0m
[0m[1maws_route53_zone.main: Still creating... [9m30s elapsed][0m[0m
[0m[1maws_cloudwatch_metric_alarm.billing_threshold_small: Still creating... [9m30s elapsed][0m[0m
[0m[1maws_route53_zone.main: Still creating... [9m40s elapsed][0m[0m
[0m[1maws_cloudwatch_metric_alarm.billing_threshold_small: Still creating... [9m40s elapsed][0m[0m
[0m[1maws_route53_zone.main: Still creating... [9m50s elapsed][0m[0m
[0m[1maws_cloudwatch_metric_alarm.billing_threshold_small: Still creating... [9m50s elapsed][0m[0m
[0m[1maws_route53_zone.main: Still creating... [10m0s elapsed][0m[0m
[0m[1maws_cloudwatch_metric_alarm.billing_threshold_small: Still creating... [10m0s elapsed][0m[0m
[0m[1maws_route53_zone.main: Still creating... [10m10s elapsed][0m[0m
[0m[1maws_cloudwatch_metric_alarm.billing_threshold_small: Still creating... [10m10s elapsed][0m[0m
[0m[1maws_route53_zone.main: Still creating... [10m20s elapsed][0m[0m
[0m[1maws_cloudwatch_metric_alarm.billing_threshold_small: Still creating... [10m20s elapsed][0m[0m
[0m[1maws_route53_zone.main: Still creating... [10m30s elapsed][0m[0m
[0m[1maws_cloudwatch_metric_alarm.billing_threshold_small: Still creating... [10m30s elapsed][0m[0m
[0m[1maws_route53_zone.main: Still creating... [10m40s elapsed][0m[0m
[0m[1maws_cloudwatch_metric_alarm.billing_threshold_small: Still creating... [10m40s elapsed][0m[0m
[0m[1maws_route53_zone.main: Creation complete after 10m45s [id=Z0840487UMM1TP07JS0Z][0m
[0m[1maws_route53_record.cert_validation["statwox.ttoxtech.in"]: Creating...[0m[0m
[0m[1maws_cloudwatch_metric_alarm.billing_threshold_small: Still creating... [10m50s elapsed][0m[0m
[0m[1maws_route53_record.cert_validation["statwox.ttoxtech.in"]: Still creating... [10s elapsed][0m[0m
[0m[1maws_cloudwatch_metric_alarm.billing_threshold_small: Still creating... [11m0s elapsed][0m[0m
[0m[1maws_route53_record.cert_validation["statwox.ttoxtech.in"]: Still creating... [20s elapsed][0m[0m
[0m[1maws_cloudwatch_metric_alarm.billing_threshold_small: Still creating... [11m10s elapsed][0m[0m
[0m[1maws_route53_record.cert_validation["statwox.ttoxtech.in"]: Still creating... [30s elapsed][0m[0m
[0m[1maws_cloudwatch_metric_alarm.billing_threshold_small: Still creating... [11m20s elapsed][0m[0m
[0m[1maws_route53_record.cert_validation["statwox.ttoxtech.in"]: Creation complete after 36s [id=Z0840487UMM1TP07JS0Z__a57a6ec71bff044ebb1b9febe6921921.statwox.ttoxtech.in._CNAME][0m
[0m[1maws_acm_certificate_validation.cert: Creating...[0m[0m
[0m[1maws_cloudwatch_metric_alarm.billing_threshold_small: Still creating... [11m30s elapsed][0m[0m
[0m[1maws_acm_certificate_validation.cert: Still creating... [10s elapsed][0m[0m
[0m[1maws_cloudwatch_metric_alarm.billing_threshold_small: Still creating... [11m40s elapsed][0m[0m
[0m[1maws_acm_certificate_validation.cert: Still creating... [20s elapsed][0m[0m
[0m[1maws_cloudwatch_metric_alarm.billing_threshold_small: Still creating... [11m50s elapsed][0m[0m
[0m[1maws_acm_certificate_validation.cert: Still creating... [30s elapsed][0m[0m
[0m[1maws_cloudwatch_metric_alarm.billing_threshold_small: Still creating... [12m0s elapsed][0m[0m
[0m[1maws_acm_certificate_validation.cert: Still creating... [40s elapsed][0m[0m
[0m[1maws_cloudwatch_metric_alarm.billing_threshold_small: Still creating... [12m10s elapsed][0m[0m
[0m[1maws_acm_certificate_validation.cert: Still creating... [50s elapsed][0m[0m
[0m[1maws_cloudwatch_metric_alarm.billing_threshold_small: Still creating... [12m20s elapsed][0m[0m
[0m[1maws_acm_certificate_validation.cert: Still creating... [1m0s elapsed][0m[0m
[0m[1maws_cloudwatch_metric_alarm.billing_threshold_small: Still creating... [12m30s elapsed][0m[0m
[0m[1maws_acm_certificate_validation.cert: Still creating... [1m10s elapsed][0m[0m
[0m[1maws_cloudwatch_metric_alarm.billing_threshold_small: Still creating... [12m40s elapsed][0m[0m
[0m[1maws_acm_certificate_validation.cert: Still creating... [1m20s elapsed][0m[0m
[0m[1maws_cloudwatch_metric_alarm.billing_threshold_small: Creation complete after 12m43s [id=statwox-v1-billing-threshold-small][0m
[0m[1maws_acm_certificate_validation.cert: Still creating... [1m30s elapsed][0m[0m
[0m[1maws_acm_certificate_validation.cert: Still creating... [1m40s elapsed][0m[0m
[0m[1maws_acm_certificate_validation.cert: Still creating... [1m50s elapsed][0m[0m
[0m[1maws_acm_certificate_validation.cert: Still creating... [2m0s elapsed][0m[0m
[0m[1maws_acm_certificate_validation.cert: Still creating... [2m10s elapsed][0m[0m
[0m[1maws_acm_certificate_validation.cert: Still creating... [2m20s elapsed][0m[0m
[0m[1maws_acm_certificate_validation.cert: Still creating... [2m30s elapsed][0m[0m
[0m[1maws_acm_certificate_validation.cert: Still creating... [2m40s elapsed][0m[0m
[0m[1maws_acm_certificate_validation.cert: Still creating... [2m50s elapsed][0m[0m
[0m[1maws_acm_certificate_validation.cert: Still creating... [3m0s elapsed][0m[0m
[0m[1maws_acm_certificate_validation.cert: Still creating... [3m10s elapsed][0m[0m
[0m[1maws_acm_certificate_validation.cert: Still creating... [3m20s elapsed][0m[0m
[0m[1maws_acm_certificate_validation.cert: Still creating... [3m30s elapsed][0m[0m
[0m[1maws_acm_certificate_validation.cert: Still creating... [3m40s elapsed][0m[0m
[0m[1maws_acm_certificate_validation.cert: Still creating... [3m50s elapsed][0m[0m
[0m[1maws_acm_certificate_validation.cert: Still creating... [4m0s elapsed][0m[0m
[0m[1maws_acm_certificate_validation.cert: Still creating... [4m10s elapsed][0m[0m
[0m[1maws_acm_certificate_validation.cert: Still creating... [4m20s elapsed][0m[0m
[0m[1maws_acm_certificate_validation.cert: Still creating... [4m30s elapsed][0m[0m
[0m[1maws_acm_certificate_validation.cert: Still creating... [4m40s elapsed][0m[0m
[0m[1maws_acm_certificate_validation.cert: Still creating... [4m50s elapsed][0m[0m
[0m[1maws_acm_certificate_validation.cert: Still creating... [5m0s elapsed][0m[0m
[0m[1maws_acm_certificate_validation.cert: Still creating... [5m10s elapsed][0m[0m
[0m[1maws_acm_certificate_validation.cert: Still creating... [5m20s elapsed][0m[0m
[0m[1maws_acm_certificate_validation.cert: Still creating... [5m30s elapsed][0m[0m
[0m[1maws_acm_certificate_validation.cert: Still creating... [5m40s elapsed][0m[0m
[0m[1maws_acm_certificate_validation.cert: Still creating... [5m50s elapsed][0m[0m
[0m[1maws_acm_certificate_validation.cert: Still creating... [6m0s elapsed][0m[0m
[0m[1maws_acm_certificate_validation.cert: Still creating... [6m10s elapsed][0m[0m
[0m[1maws_acm_certificate_validation.cert: Still creating... [6m20s elapsed][0m[0m
[0m[1maws_acm_certificate_validation.cert: Still creating... [6m30s elapsed][0m[0m
[0m[1maws_acm_certificate_validation.cert: Still creating... [6m40s elapsed][0m[0m
[0m[1maws_acm_certificate_validation.cert: Still creating... [6m50s elapsed][0m[0m
[0m[1maws_acm_certificate_validation.cert: Still creating... [7m0s elapsed][0m[0m
[0m[1maws_acm_certificate_validation.cert: Still creating... [7m10s elapsed][0m[0m
[0m[1maws_acm_certificate_validation.cert: Still creating... [7m20s elapsed][0m[0m
[0m[1maws_acm_certificate_validation.cert: Still creating... [7m30s elapsed][0m[0m
[0m[1maws_acm_certificate_validation.cert: Still creating... [7m40s elapsed][0m[0m
[0m[1maws_acm_certificate_validation.cert: Still creating... [7m50s elapsed][0m[0m
[0m[1maws_acm_certificate_validation.cert: Still creating... [8m0s elapsed][0m[0m
[0m[1maws_acm_certificate_validation.cert: Still creating... [8m10s elapsed][0m[0m
[0m[1maws_acm_certificate_validation.cert: Still creating... [8m20s elapsed][0m[0m
[0m[1maws_acm_certificate_validation.cert: Still creating... [8m30s elapsed][0m[0m
[0m[1maws_acm_certificate_validation.cert: Still creating... [8m40s elapsed][0m[0m
[0m[1maws_acm_certificate_validation.cert: Still creating... [8m50s elapsed][0m[0m
[0m[1maws_acm_certificate_validation.cert: Still creating... [9m0s elapsed][0m[0m
[0m[1maws_acm_certificate_validation.cert: Still creating... [9m10s elapsed][0m[0m
[0m[1maws_acm_certificate_validation.cert: Still creating... [9m20s elapsed][0m[0m
[0m[1maws_acm_certificate_validation.cert: Still creating... [9m30s elapsed][0m[0m
[0m[1maws_acm_certificate_validation.cert: Still creating... [9m40s elapsed][0m[0m
[0m[1maws_acm_certificate_validation.cert: Still creating... [9m50s elapsed][0m[0m
[0m[1maws_acm_certificate_validation.cert: Still creating... [10m0s elapsed][0m[0m
[0m[1maws_acm_certificate_validation.cert: Still creating... [10m10s elapsed][0m[0m
[0m[1maws_acm_certificate_validation.cert: Still creating... [10m20s elapsed][0m[0m
[0m[1maws_acm_certificate_validation.cert: Still creating... [10m30s elapsed][0m[0m
[0m[1maws_acm_certificate_validation.cert: Still creating... [10m40s elapsed][0m[0m
[0m[1maws_acm_certificate_validation.cert: Still creating... [10m50s elapsed][0m[0m
[0m[1maws_acm_certificate_validation.cert: Still creating... [11m0s elapsed][0m[0m
[0m[1maws_acm_certificate_validation.cert: Still creating... [11m10s elapsed][0m[0m
[0m[1maws_acm_certificate_validation.cert: Still creating... [11m20s elapsed][0m[0m
[0m[1maws_acm_certificate_validation.cert: Still creating... [11m30s elapsed][0m[0m
[0m[1maws_acm_certificate_validation.cert: Still creating... [11m40s elapsed][0m[0m
[0m[1maws_acm_certificate_validation.cert: Still creating... [11m50s elapsed][0m[0m
[0m[1maws_acm_certificate_validation.cert: Still creating... [12m0s elapsed][0m[0m
[0m[1maws_acm_certificate_validation.cert: Still creating... [12m10s elapsed][0m[0m
[0m[1maws_acm_certificate_validation.cert: Still creating... [12m20s elapsed][0m[0m
[0m[1maws_acm_certificate_validation.cert: Still creating... [12m30s elapsed][0m[0m
[0m[1maws_acm_certificate_validation.cert: Still creating... [12m40s elapsed][0m[0m
[0m[1maws_acm_certificate_validation.cert: Still creating... [12m50s elapsed][0m[0m
[0m[1maws_acm_certificate_validation.cert: Still creating... [13m0s elapsed][0m[0m
[0m[1maws_acm_certificate_validation.cert: Still creating... [13m10s elapsed][0m[0m
[0m[1maws_acm_certificate_validation.cert: Still creating... [13m20s elapsed][0m[0m
[0m[1maws_acm_certificate_validation.cert: Still creating... [13m30s elapsed][0m[0m
[0m[1maws_acm_certificate_validation.cert: Still creating... [13m40s elapsed][0m[0m
[0m[1maws_acm_certificate_validation.cert: Still creating... [13m50s elapsed][0m[0m
[0m[1maws_acm_certificate_validation.cert: Still creating... [14m0s elapsed][0m[0m
[0m[1maws_acm_certificate_validation.cert: Still creating... [14m10s elapsed][0m[0m
[0m[1maws_acm_certificate_validation.cert: Still creating... [14m20s elapsed][0m[0m
[0m[1maws_acm_certificate_validation.cert: Still creating... [14m30s elapsed][0m[0m
[0m[1maws_acm_certificate_validation.cert: Still creating... [14m40s elapsed][0m[0m
[0m[1maws_acm_certificate_validation.cert: Still creating... [14m50s elapsed][0m[0m
[0m[1maws_acm_certificate_validation.cert: Still creating... [15m0s elapsed][0m[0m
[0m[1maws_acm_certificate_validation.cert: Still creating... [15m10s elapsed][0m[0m
[0m[1maws_acm_certificate_validation.cert: Still creating... [15m20s elapsed][0m[0m
[0m[1maws_acm_certificate_validation.cert: Still creating... [15m30s elapsed][0m[0m
[0m[1maws_acm_certificate_validation.cert: Still creating... [15m40s elapsed][0m[0m
[0m[1maws_acm_certificate_validation.cert: Still creating... [15m50s elapsed][0m[0m
[0m[1maws_acm_certificate_validation.cert: Still creating... [16m0s elapsed][0m[0m
[0m[1maws_acm_certificate_validation.cert: Still creating... [16m10s elapsed][0m[0m
[0m[1maws_acm_certificate_validation.cert: Still creating... [16m20s elapsed][0m[0m
[0m[1maws_acm_certificate_validation.cert: Still creating... [16m30s elapsed][0m[0m
[0m[1maws_acm_certificate_validation.cert: Still creating... [16m40s elapsed][0m[0m
[0m[1maws_acm_certificate_validation.cert: Still creating... [16m50s elapsed][0m[0m
[0m[1maws_acm_certificate_validation.cert: Still creating... [17m0s elapsed][0m[0m
[0m[1maws_acm_certificate_validation.cert: Still creating... [17m10s elapsed][0m[0m
[0m[1maws_acm_certificate_validation.cert: Still creating... [17m20s elapsed][0m[0m
[0m[1maws_acm_certificate_validation.cert: Still creating... [17m30s elapsed][0m[0m
[0m[1maws_acm_certificate_validation.cert: Still creating... [17m40s elapsed][0m[0m
[0m[1maws_acm_certificate_validation.cert: Still creating... [17m50s elapsed][0m[0m
[0m[1maws_acm_certificate_validation.cert: Still creating... [18m0s elapsed][0m[0m
[0m[1maws_acm_certificate_validation.cert: Still creating... [18m10s elapsed][0m[0m
[0m[1maws_acm_certificate_validation.cert: Still creating... [18m20s elapsed][0m[0m
[0m[1maws_acm_certificate_validation.cert: Still creating... [18m30s elapsed][0m[0m
[0m[1maws_acm_certificate_validation.cert: Still creating... [18m40s elapsed][0m[0m
[0m[1maws_acm_certificate_validation.cert: Still creating... [18m50s elapsed][0m[0m
[0m[1maws_acm_certificate_validation.cert: Still creating... [19m0s elapsed][0m[0m
[0m[1maws_acm_certificate_validation.cert: Still creating... [19m10s elapsed][0m[0m
[0m[1maws_acm_certificate_validation.cert: Still creating... [19m20s elapsed][0m[0m
[0m[1maws_acm_certificate_validation.cert: Still creating... [19m30s elapsed][0m[0m
[0m[1maws_acm_certificate_validation.cert: Still creating... [19m40s elapsed][0m[0m
[0m[1maws_acm_certificate_validation.cert: Still creating... [19m50s elapsed][0m[0m
[0m[1maws_acm_certificate_validation.cert: Still creating... [20m0s elapsed][0m[0m
[0m[1maws_acm_certificate_validation.cert: Still creating... [20m10s elapsed][0m[0m
[0m[1maws_acm_certificate_validation.cert: Still creating... [20m20s elapsed][0m[0m
[0m[1maws_acm_certificate_validation.cert: Still creating... [20m30s elapsed][0m[0m
[0m[1maws_acm_certificate_validation.cert: Still creating... [20m40s elapsed][0m[0m
[0m[1maws_acm_certificate_validation.cert: Still creating... [20m50s elapsed][0m[0m
[0m[1maws_acm_certificate_validation.cert: Still creating... [21m0s elapsed][0m[0m
[0m[1maws_acm_certificate_validation.cert: Still creating... [21m10s elapsed][0m[0m
[0m[1maws_acm_certificate_validation.cert: Still creating... [21m20s elapsed][0m[0m
[0m[1maws_acm_certificate_validation.cert: Still creating... [21m30s elapsed][0m[0m
[0m[1maws_acm_certificate_validation.cert: Still creating... [21m40s elapsed][0m[0m
[0m[1maws_acm_certificate_validation.cert: Still creating... [21m50s elapsed][0m[0m
[0m[1maws_acm_certificate_validation.cert: Still creating... [22m0s elapsed][0m[0m
[0m[1maws_acm_certificate_validation.cert: Still creating... [22m10s elapsed][0m[0m
[0m[1maws_acm_certificate_validation.cert: Still creating... [22m20s elapsed][0m[0m
[0m[1maws_acm_certificate_validation.cert: Still creating... [22m30s elapsed][0m[0m
[0m[1maws_acm_certificate_validation.cert: Still creating... [22m40s elapsed][0m[0m
[0m[1maws_acm_certificate_validation.cert: Still creating... [22m50s elapsed][0m[0m
[0m[1maws_acm_certificate_validation.cert: Still creating... [23m0s elapsed][0m[0m
[0m[1maws_acm_certificate_validation.cert: Still creating... [23m10s elapsed][0m[0m
[0m[1maws_acm_certificate_validation.cert: Still creating... [23m20s elapsed][0m[0m
[0m[1maws_acm_certificate_validation.cert: Still creating... [23m30s elapsed][0m[0m
[0m[1maws_acm_certificate_validation.cert: Still creating... [23m40s elapsed][0m[0m
[0m[1maws_acm_certificate_validation.cert: Still creating... [23m50s elapsed][0m[0m
[0m[1maws_acm_certificate_validation.cert: Still creating... [24m0s elapsed][0m[0m
[0m[1maws_acm_certificate_validation.cert: Still creating... [24m10s elapsed][0m[0m
[0m[1maws_acm_certificate_validation.cert: Still creating... [24m20s elapsed][0m[0m
[0m[1maws_acm_certificate_validation.cert: Still creating... [24m30s elapsed][0m[0m
[0m[1maws_acm_certificate_validation.cert: Still creating... [24m40s elapsed][0m[0m
[0m[1maws_acm_certificate_validation.cert: Still creating... [24m50s elapsed][0m[0m
[0m[1maws_acm_certificate_validation.cert: Still creating... [25m0s elapsed][0m[0m
[0m[1maws_acm_certificate_validation.cert: Still creating... [25m10s elapsed][0m[0m
[0m[1maws_acm_certificate_validation.cert: Still creating... [25m20s elapsed][0m[0m
[0m[1maws_acm_certificate_validation.cert: Still creating... [25m30s elapsed][0m[0m
[0m[1maws_acm_certificate_validation.cert: Still creating... [25m40s elapsed][0m[0m
[0m[1maws_acm_certificate_validation.cert: Still creating... [25m50s elapsed][0m[0m
[0m[1maws_acm_certificate_validation.cert: Still creating... [26m0s elapsed][0m[0m
[0m[1maws_acm_certificate_validation.cert: Still creating... [26m10s elapsed][0m[0m
[0m[1maws_acm_certificate_validation.cert: Still creating... [26m20s elapsed][0m[0m
[0m[1maws_acm_certificate_validation.cert: Still creating... [26m30s elapsed][0m[0m
[0m[1maws_acm_certificate_validation.cert: Still creating... [26m40s elapsed][0m[0m
[0m[1maws_acm_certificate_validation.cert: Still creating... [26m50s elapsed][0m[0m
[0m[1maws_acm_certificate_validation.cert: Still creating... [27m0s elapsed][0m[0m
[0m[1maws_acm_certificate_validation.cert: Still creating... [27m10s elapsed][0m[0m
[0m[1maws_acm_certificate_validation.cert: Still creating... [27m20s elapsed][0m[0m
[0m[1maws_acm_certificate_validation.cert: Still creating... [27m30s elapsed][0m[0m
[0m[1maws_acm_certificate_validation.cert: Still creating... [27m40s elapsed][0m[0m
[0m[1maws_acm_certificate_validation.cert: Still creating... [27m50s elapsed][0m[0m
[0m[1maws_acm_certificate_validation.cert: Still creating... [28m0s elapsed][0m[0m
[0m[1maws_acm_certificate_validation.cert: Still creating... [28m10s elapsed][0m[0m
[0m[1maws_acm_certificate_validation.cert: Still creating... [28m20s elapsed][0m[0m
[0m[1maws_acm_certificate_validation.cert: Still creating... [28m30s elapsed][0m[0m
[0m[1maws_acm_certificate_validation.cert: Still creating... [28m40s elapsed][0m[0m
[0m[1maws_acm_certificate_validation.cert: Still creating... [28m50s elapsed][0m[0m
[0m[1maws_acm_certificate_validation.cert: Still creating... [29m0s elapsed][0m[0m
[0m[1maws_acm_certificate_validation.cert: Still creating... [29m10s elapsed][0m[0m
[0m[1maws_acm_certificate_validation.cert: Still creating... [29m20s elapsed][0m[0m
[0m[1maws_acm_certificate_validation.cert: Still creating... [29m30s elapsed][0m[0m
[0m[1maws_acm_certificate_validation.cert: Still creating... [29m40s elapsed][0m[0m
[0m[1maws_acm_certificate_validation.cert: Still creating... [29m50s elapsed][0m[0m
[0m[1maws_acm_certificate_validation.cert: Still creating... [30m0s elapsed][0m[0m
[0m[1maws_acm_certificate_validation.cert: Still creating... [30m10s elapsed][0m[0m
[0m[1maws_acm_certificate_validation.cert: Still creating... [30m20s elapsed][0m[0m
[0m[1maws_acm_certificate_validation.cert: Still creating... [30m30s elapsed][0m[0m
[0m[1maws_acm_certificate_validation.cert: Still creating... [30m40s elapsed][0m[0m
[0m[1maws_acm_certificate_validation.cert: Still creating... [30m50s elapsed][0m[0m
[0m[1maws_acm_certificate_validation.cert: Still creating... [31m0s elapsed][0m[0m
[0m[1maws_acm_certificate_validation.cert: Still creating... [31m10s elapsed][0m[0m
[0m[1maws_acm_certificate_validation.cert: Still creating... [31m20s elapsed][0m[0m
[0m[1maws_acm_certificate_validation.cert: Still creating... [31m30s elapsed][0m[0m
[0m[1maws_acm_certificate_validation.cert: Still creating... [31m40s elapsed][0m[0m
[0m[1maws_acm_certificate_validation.cert: Still creating... [31m50s elapsed][0m[0m
[0m[1maws_acm_certificate_validation.cert: Still creating... [32m0s elapsed][0m[0m
[0m[1maws_acm_certificate_validation.cert: Still creating... [32m10s elapsed][0m[0m
[0m[1maws_acm_certificate_validation.cert: Still creating... [32m20s elapsed][0m[0m
[0m[1maws_acm_certificate_validation.cert: Still creating... [32m30s elapsed][0m[0m
[0m[1maws_acm_certificate_validation.cert: Still creating... [32m40s elapsed][0m[0m
[0m[1maws_acm_certificate_validation.cert: Still creating... [32m50s elapsed][0m[0m
[0m[1maws_acm_certificate_validation.cert: Still creating... [33m0s elapsed][0m[0m
[0m[1maws_acm_certificate_validation.cert: Still creating... [33m10s elapsed][0m[0m
[0m[1maws_acm_certificate_validation.cert: Still creating... [33m20s elapsed][0m[0m
[0m[1maws_acm_certificate_validation.cert: Still creating... [33m30s elapsed][0m[0m
[0m[1maws_acm_certificate_validation.cert: Still creating... [33m40s elapsed][0m[0m
[0m[1maws_acm_certificate_validation.cert: Still creating... [33m50s elapsed][0m[0m
[0m[1maws_acm_certificate_validation.cert: Still creating... [34m0s elapsed][0m[0m
[0m[1maws_acm_certificate_validation.cert: Still creating... [34m10s elapsed][0m[0m
[0m[1maws_acm_certificate_validation.cert: Still creating... [34m20s elapsed][0m[0m
[0m[1maws_acm_certificate_validation.cert: Still creating... [34m30s elapsed][0m[0m
[0m[1maws_acm_certificate_validation.cert: Still creating... [34m40s elapsed][0m[0m
[0m[1maws_acm_certificate_validation.cert: Still creating... [34m50s elapsed][0m[0m
[0m[1maws_acm_certificate_validation.cert: Still creating... [35m0s elapsed][0m[0m
[0m[1maws_acm_certificate_validation.cert: Still creating... [35m10s elapsed][0m[0m
[0m[1maws_acm_certificate_validation.cert: Still creating... [35m20s elapsed][0m[0m
[0m[1maws_acm_certificate_validation.cert: Still creating... [35m30s elapsed][0m[0m
[0m[1maws_acm_certificate_validation.cert: Still creating... [35m40s elapsed][0m[0m
[0m[1maws_acm_certificate_validation.cert: Still creating... [35m50s elapsed][0m[0m
[0m[1maws_acm_certificate_validation.cert: Still creating... [36m0s elapsed][0m[0m
[0m[1maws_acm_certificate_validation.cert: Still creating... [36m10s elapsed][0m[0m
[0m[1maws_acm_certificate_validation.cert: Still creating... [36m20s elapsed][0m[0m
[0m[1maws_acm_certificate_validation.cert: Still creating... [36m30s elapsed][0m[0m
[0m[1maws_acm_certificate_validation.cert: Still creating... [36m40s elapsed][0m[0m
[0m[1maws_acm_certificate_validation.cert: Still creating... [36m50s elapsed][0m[0m
[0m[1maws_acm_certificate_validation.cert: Still creating... [37m0s elapsed][0m[0m
[0m[1maws_acm_certificate_validation.cert: Still creating... [37m10s elapsed][0m[0m
[0m[1maws_acm_certificate_validation.cert: Still creating... [37m20s elapsed][0m[0m
[0m[1maws_acm_certificate_validation.cert: Still creating... [37m30s elapsed][0m[0m
[0m[1maws_acm_certificate_validation.cert: Still creating... [37m40s elapsed][0m[0m
[0m[1maws_acm_certificate_validation.cert: Still creating... [37m50s elapsed][0m[0m
[0m[1maws_acm_certificate_validation.cert: Still creating... [38m0s elapsed][0m[0m
[0m[1maws_acm_certificate_validation.cert: Still creating... [38m10s elapsed][0m[0m
[0m[1maws_acm_certificate_validation.cert: Still creating... [38m20s elapsed][0m[0m
[0m[1maws_acm_certificate_validation.cert: Still creating... [38m30s elapsed][0m[0m
[0m[1maws_acm_certificate_validation.cert: Still creating... [38m40s elapsed][0m[0m
[0m[1maws_acm_certificate_validation.cert: Still creating... [38m50s elapsed][0m[0m
[0m[1maws_acm_certificate_validation.cert: Still creating... [39m0s elapsed][0m[0m
[0m[1maws_acm_certificate_validation.cert: Still creating... [39m10s elapsed][0m[0m
[0m[1maws_acm_certificate_validation.cert: Still creating... [39m20s elapsed][0m[0m
[0m[1maws_acm_certificate_validation.cert: Still creating... [39m30s elapsed][0m[0m
[0m[1maws_acm_certificate_validation.cert: Still creating... [39m40s elapsed][0m[0m
[0m[1maws_acm_certificate_validation.cert: Still creating... [39m50s elapsed][0m[0m
[0m[1maws_acm_certificate_validation.cert: Still creating... [40m0s elapsed][0m[0m
[0m[1maws_acm_certificate_validation.cert: Still creating... [40m10s elapsed][0m[0m
[0m[1maws_acm_certificate_validation.cert: Still creating... [40m20s elapsed][0m[0m
[0m[1maws_acm_certificate_validation.cert: Still creating... [40m30s elapsed][0m[0m
[0m[1maws_acm_certificate_validation.cert: Still creating... [40m40s elapsed][0m[0m
[0m[1maws_acm_certificate_validation.cert: Still creating... [40m50s elapsed][0m[0m
[0m[1maws_acm_certificate_validation.cert: Still creating... [41m0s elapsed][0m[0m
[0m[1maws_acm_certificate_validation.cert: Still creating... [41m10s elapsed][0m[0m
[0m[1maws_acm_certificate_validation.cert: Still creating... [41m20s elapsed][0m[0m
[0m[1maws_acm_certificate_validation.cert: Still creating... [41m30s elapsed][0m[0m
[0m[1maws_acm_certificate_validation.cert: Still creating... [41m40s elapsed][0m[0m
[0m[1maws_acm_certificate_validation.cert: Still creating... [41m50s elapsed][0m[0m
[0m[1maws_acm_certificate_validation.cert: Still creating... [42m0s elapsed][0m[0m
[0m[1maws_acm_certificate_validation.cert: Still creating... [42m10s elapsed][0m[0m
[0m[1maws_acm_certificate_validation.cert: Still creating... [42m20s elapsed][0m[0m
[0m[1maws_acm_certificate_validation.cert: Still creating... [42m30s elapsed][0m[0m
[0m[1maws_acm_certificate_validation.cert: Still creating... [42m40s elapsed][0m[0m
[0m[1maws_acm_certificate_validation.cert: Still creating... [42m50s elapsed][0m[0m
[0m[1maws_acm_certificate_validation.cert: Still creating... [43m0s elapsed][0m[0m
[0m[1maws_acm_certificate_validation.cert: Still creating... [43m10s elapsed][0m[0m
[0m[1maws_acm_certificate_validation.cert: Still creating... [43m20s elapsed][0m[0m
[0m[1maws_acm_certificate_validation.cert: Still creating... [43m30s elapsed][0m[0m
[0m[1maws_acm_certificate_validation.cert: Still creating... [43m40s elapsed][0m[0m
[0m[1maws_acm_certificate_validation.cert: Still creating... [43m50s elapsed][0m[0m
[0m[1maws_acm_certificate_validation.cert: Still creating... [44m0s elapsed][0m[0m
[0m[1maws_acm_certificate_validation.cert: Still creating... [44m10s elapsed][0m[0m
[0m[1maws_acm_certificate_validation.cert: Still creating... [44m20s elapsed][0m[0m
[0m[1maws_acm_certificate_validation.cert: Still creating... [44m30s elapsed][0m[0m
[0m[1maws_acm_certificate_validation.cert: Still creating... [44m40s elapsed][0m[0m
[0m[1maws_acm_certificate_validation.cert: Still creating... [44m50s elapsed][0m[0m
[0m[1maws_acm_certificate_validation.cert: Still creating... [45m0s elapsed][0m[0m
[0m[1maws_acm_certificate_validation.cert: Still creating... [45m10s elapsed][0m[0m
[0m[1maws_acm_certificate_validation.cert: Still creating... [45m20s elapsed][0m[0m
[0m[1maws_acm_certificate_validation.cert: Still creating... [45m30s elapsed][0m[0m
[0m[1maws_acm_certificate_validation.cert: Still creating... [45m40s elapsed][0m[0m
[0m[1maws_acm_certificate_validation.cert: Still creating... [45m50s elapsed][0m[0m
[0m[1maws_acm_certificate_validation.cert: Still creating... [46m0s elapsed][0m[0m
[0m[1maws_acm_certificate_validation.cert: Still creating... [46m10s elapsed][0m[0m
[0m[1maws_acm_certificate_validation.cert: Still creating... [46m20s elapsed][0m[0m
[0m[1maws_acm_certificate_validation.cert: Still creating... [46m30s elapsed][0m[0m
[0m[1maws_acm_certificate_validation.cert: Still creating... [46m40s elapsed][0m[0m
[0m[1maws_acm_certificate_validation.cert: Still creating... [46m50s elapsed][0m[0m
[0m[1maws_acm_certificate_validation.cert: Still creating... [47m0s elapsed][0m[0m
[0m[1maws_acm_certificate_validation.cert: Still creating... [47m10s elapsed][0m[0m
[0m[1maws_acm_certificate_validation.cert: Still creating... [47m20s elapsed][0m[0m
[0m[1maws_acm_certificate_validation.cert: Still creating... [47m30s elapsed][0m[0m
[0m[1maws_acm_certificate_validation.cert: Still creating... [47m40s elapsed][0m[0m
[0m[1maws_acm_certificate_validation.cert: Still creating... [47m50s elapsed][0m[0m
[0m[1maws_acm_certificate_validation.cert: Still creating... [48m0s elapsed][0m[0m
[0m[1maws_acm_certificate_validation.cert: Still creating... [48m10s elapsed][0m[0m
[0m[1maws_acm_certificate_validation.cert: Still creating... [48m20s elapsed][0m[0m
[0m[1maws_acm_certificate_validation.cert: Still creating... [48m30s elapsed][0m[0m
[0m[1maws_acm_certificate_validation.cert: Still creating... [48m40s elapsed][0m[0m
[0m[1maws_acm_certificate_validation.cert: Still creating... [48m50s elapsed][0m[0m
[0m[1maws_acm_certificate_validation.cert: Still creating... [49m0s elapsed][0m[0m
[0m[1maws_acm_certificate_validation.cert: Still creating... [49m10s elapsed][0m[0m
[0m[1maws_acm_certificate_validation.cert: Still creating... [49m20s elapsed][0m[0m
[0m[1maws_acm_certificate_validation.cert: Still creating... [49m30s elapsed][0m[0m
[0m[1maws_acm_certificate_validation.cert: Still creating... [49m40s elapsed][0m[0m
[0m[1maws_acm_certificate_validation.cert: Still creating... [49m50s elapsed][0m[0m
[0m[1maws_acm_certificate_validation.cert: Still creating... [50m0s elapsed][0m[0m
[0m[1maws_acm_certificate_validation.cert: Still creating... [50m10s elapsed][0m[0m
[0m[1maws_acm_certificate_validation.cert: Still creating... [50m20s elapsed][0m[0m
[0m[1maws_acm_certificate_validation.cert: Still creating... [50m30s elapsed][0m[0m
[0m[1maws_acm_certificate_validation.cert: Still creating... [50m40s elapsed][0m[0m
[0m[1maws_acm_certificate_validation.cert: Still creating... [50m50s elapsed][0m[0m
[0m[1maws_acm_certificate_validation.cert: Still creating... [51m0s elapsed][0m[0m
[0m[1maws_acm_certificate_validation.cert: Still creating... [51m10s elapsed][0m[0m
[0m[1maws_acm_certificate_validation.cert: Creation complete after 51m17s [id=0001-01-01 00:00:00 +0000 UTC][0m
[31m╷[0m[0m
[31m│[0m [0m[1m[31mError: [0m[0m[1mcreating CloudFront Distribution: operation error CloudFront: CreateDistributionWithTags, https response error StatusCode: 400, RequestID: 625a3bc2-82b9-4839-8629-5fd7e8686d4e, InvalidViewerCertificate: The specified SSL certificate doesn't exist, isn't in us-east-1 region, isn't valid, or doesn't include a valid certificate chain.[0m
[31m│[0m [0m
[31m│[0m [0m[0m  with aws_cloudfront_distribution.frontend_cdn,
[31m│[0m [0m  on cloudfront.tf line 15, in resource "aws_cloudfront_distribution" "frontend_cdn":
[31m│[0m [0m  15: resource "aws_cloudfront_distribution" "frontend_cdn" [4m{[0m[0m
[31m│[0m [0m
[31m╵[0m[0m
[31m╷[0m[0m
[31m│[0m [0m[1m[31mError: [0m[0m[1mcreating EC2 VPC: operation error EC2: CreateVpc, https response error StatusCode: 400, RequestID: 40b588c3-3798-4f79-b2a1-226cb77932b7, api error VpcLimitExceeded: The maximum number of VPCs has been reached.[0m
[31m│[0m [0m
[31m│[0m [0m[0m  with aws_vpc.main,
[31m│[0m [0m  on vpc.tf line 2, in resource "aws_vpc" "main":
[31m│[0m [0m   2: resource "aws_vpc" "main" [4m{[0m[0m
[31m│[0m [0m
[31m╵[0m[0m
